// !$*UTF8*$!
{
	archiveVersion = 1;
	classes = {
	};
	objectVersion = 56;
	objects = {

/* Begin PBXBuildFile section */
		BC0546142C74C01300E6AD68 /* TaskCell.swift in Sources */ = {isa = PBXBuildFile; fileRef = BC0546132C74C01300E6AD68 /* TaskCell.swift */; };
		BC0546162C74D26E00E6AD68 /* CheckMarkButton.swift in Sources */ = {isa = PBXBuildFile; fileRef = BC0546152C74D26E00E6AD68 /* CheckMarkButton.swift */; };
		BC083C822D5B86A500C6C354 /* PopoverTimePicker.swift in Sources */ = {isa = PBXBuildFile; fileRef = BC083C812D5B869D00C6C354 /* PopoverTimePicker.swift */; };
		BC17779E2D67759B00445C62 /* NavBarButton.swift in Sources */ = {isa = PBXBuildFile; fileRef = BC17779D2D67759B00445C62 /* NavBarButton.swift */; };
		BC2084BF2D4A5AA4008C1118 /* RootView.swift in Sources */ = {isa = PBXBuildFile; fileRef = BC2084BE2D4A5AA4008C1118 /* RootView.swift */; };
		BC64305C2D4F8C1900ECA960 /* UIAplication.swift in Sources */ = {isa = PBXBuildFile; fileRef = BC64305B2D4F8C1900ECA960 /* UIAplication.swift */; };
		BC64305E2D4F8D1100ECA960 /* CategoriesView.swift in Sources */ = {isa = PBXBuildFile; fileRef = BC64305D2D4F8D0900ECA960 /* CategoriesView.swift */; };
		BC6430602D4FC35E00ECA960 /* CustomTextField.swift in Sources */ = {isa = PBXBuildFile; fileRef = BC64305F2D4FC35000ECA960 /* CustomTextField.swift */; };
		BC6430622D4FC49700ECA960 /* View.swift in Sources */ = {isa = PBXBuildFile; fileRef = BC6430612D4FC49700ECA960 /* View.swift */; };
		BC6EBB342C730AC900F86B52 /* TaskCategory.swift in Sources */ = {isa = PBXBuildFile; fileRef = BC6EBB332C730AC900F86B52 /* TaskCategory.swift */; };
		BC6EBB362C730B3900F86B52 /* TaskRecord.swift in Sources */ = {isa = PBXBuildFile; fileRef = BC6EBB352C730B3900F86B52 /* TaskRecord.swift */; };
		BC748A162D6B138C00EB9D5C /* TaskListViewModel.swift in Sources */ = {isa = PBXBuildFile; fileRef = BC748A152D6B138C00EB9D5C /* TaskListViewModel.swift */; };
		BC748A212D6B40AC00EB9D5C /* TaskConfigurationViewModel.swift in Sources */ = {isa = PBXBuildFile; fileRef = BC748A202D6B40AC00EB9D5C /* TaskConfigurationViewModel.swift */; };
		BC7EFA302C6C6A8000FB24EA /* DailyPlanApp.swift in Sources */ = {isa = PBXBuildFile; fileRef = BC7EFA2F2C6C6A8000FB24EA /* DailyPlanApp.swift */; };
		BC7EFA362C6C6A8200FB24EA /* Assets.xcassets in Resources */ = {isa = PBXBuildFile; fileRef = BC7EFA352C6C6A8200FB24EA /* Assets.xcassets */; };
		BC7EFA392C6C6A8200FB24EA /* Preview Assets.xcassets in Resources */ = {isa = PBXBuildFile; fileRef = BC7EFA382C6C6A8200FB24EA /* Preview Assets.xcassets */; };
		BC7EFA432C6C6A8200FB24EA /* DailyPlanTests.swift in Sources */ = {isa = PBXBuildFile; fileRef = BC7EFA422C6C6A8200FB24EA /* DailyPlanTests.swift */; };
		BC7EFA4D2C6C6A8200FB24EA /* DailyPlanUITests.swift in Sources */ = {isa = PBXBuildFile; fileRef = BC7EFA4C2C6C6A8200FB24EA /* DailyPlanUITests.swift */; };
		BC7EFA4F2C6C6A8200FB24EA /* DailyPlanUITestsLaunchTests.swift in Sources */ = {isa = PBXBuildFile; fileRef = BC7EFA4E2C6C6A8200FB24EA /* DailyPlanUITestsLaunchTests.swift */; };
		BC83E9CE2D64862300D31B9D /* StrokeRoundedView.swift in Sources */ = {isa = PBXBuildFile; fileRef = BC83E9CD2D64860A00D31B9D /* StrokeRoundedView.swift */; };
		BC83E9D02D648C7700D31B9D /* BorderParameters.swift in Sources */ = {isa = PBXBuildFile; fileRef = BC83E9CF2D648C7700D31B9D /* BorderParameters.swift */; };
		BC848A182D5C629500776E8C /* Date.swift in Sources */ = {isa = PBXBuildFile; fileRef = BC848A172D5C629500776E8C /* Date.swift */; };
		BC848A1A2D5C7D1C00776E8C /* CGSize.swift in Sources */ = {isa = PBXBuildFile; fileRef = BC848A192D5C7CEF00776E8C /* CGSize.swift */; };
		BC848A1F2D5C836200776E8C /* ViewSize.swift in Sources */ = {isa = PBXBuildFile; fileRef = BC848A1E2D5C836200776E8C /* ViewSize.swift */; };
		BC848A212D5C867000776E8C /* CGFloat.swift in Sources */ = {isa = PBXBuildFile; fileRef = BC848A202D5C866900776E8C /* CGFloat.swift */; };
		BC848A232D5C922300776E8C /* PopoverDatePicker.swift in Sources */ = {isa = PBXBuildFile; fileRef = BC848A222D5C922300776E8C /* PopoverDatePicker.swift */; };
		BC98D61F2D5E3BB4004817DD /* ListItemPosition.swift in Sources */ = {isa = PBXBuildFile; fileRef = BC98D61E2D5E3BB4004817DD /* ListItemPosition.swift */; };
		BC98D6212D5E3BD3004817DD /* ListItemCorner.swift in Sources */ = {isa = PBXBuildFile; fileRef = BC98D6202D5E3BD3004817DD /* ListItemCorner.swift */; };
		BCA93C1A2C74F6B70028DE2D /* DescriptionView.swift in Sources */ = {isa = PBXBuildFile; fileRef = BCA93C192C74F6B70028DE2D /* DescriptionView.swift */; };
		BCB295F42D4D34D100B75559 /* DateFormatManager.swift in Sources */ = {isa = PBXBuildFile; fileRef = BCB295F32D4D34CD00B75559 /* DateFormatManager.swift */; };
		BCB295F62D4D39C900B75559 /* Schedule.swift in Sources */ = {isa = PBXBuildFile; fileRef = BCB295F52D4D39C900B75559 /* Schedule.swift */; };
		BCBE35332D5DD89700796ABB /* PopoverDirection.swift in Sources */ = {isa = PBXBuildFile; fileRef = BCBE35322D5DD89700796ABB /* PopoverDirection.swift */; };
		BCBE35352D5DDACF00796ABB /* Tabs.swift in Sources */ = {isa = PBXBuildFile; fileRef = BCBE35342D5DDACF00796ABB /* Tabs.swift */; };
		BCC288FA2C7304A3008E7176 /* TaskInfo.swift in Sources */ = {isa = PBXBuildFile; fileRef = BCC288F92C7304A3008E7176 /* TaskInfo.swift */; };
		BCE0D7DB2D533C3700255FC4 /* ScheduleView.swift in Sources */ = {isa = PBXBuildFile; fileRef = BCE0D7DA2D533C3700255FC4 /* ScheduleView.swift */; };
		BCE284042D4E110600224553 /* TaskConfigurationView.swift in Sources */ = {isa = PBXBuildFile; fileRef = BCE284032D4E0FCF00224553 /* TaskConfigurationView.swift */; };
		BCE284062D4E68ED00224553 /* RepresentedTextView.swift in Sources */ = {isa = PBXBuildFile; fileRef = BCE284052D4E68ED00224553 /* RepresentedTextView.swift */; };
		BCEA4E4C2D760C9C005FB175 /* NonBindingToggle.swift in Sources */ = {isa = PBXBuildFile; fileRef = BCEA4E4B2D760C9C005FB175 /* NonBindingToggle.swift */; };
		BCEA4E4F2D761787005FB175 /* StaticButtonStyle.swift in Sources */ = {isa = PBXBuildFile; fileRef = BCEA4E4E2D761787005FB175 /* StaticButtonStyle.swift */; };
		BCEA4E512D7618B6005FB175 /* ButtonStyle.swift in Sources */ = {isa = PBXBuildFile; fileRef = BCEA4E502D7618B6005FB175 /* ButtonStyle.swift */; };
		BCF072602C70D72800999035 /* TabBarView.swift in Sources */ = {isa = PBXBuildFile; fileRef = BCF0725F2C70D72800999035 /* TabBarView.swift */; };
		BCF072632C70DC9F00999035 /* Font.swift in Sources */ = {isa = PBXBuildFile; fileRef = BCF072622C70DC9F00999035 /* Font.swift */; };
		BCF072652C70F0F300999035 /* TabBarButton.swift in Sources */ = {isa = PBXBuildFile; fileRef = BCF072642C70F0F300999035 /* TabBarButton.swift */; };
		BCF072682C71AD4800999035 /* TasksListView.swift in Sources */ = {isa = PBXBuildFile; fileRef = BCF072672C71AD4800999035 /* TasksListView.swift */; };
		BCF0726B2C71B55800999035 /* FoldersView.swift in Sources */ = {isa = PBXBuildFile; fileRef = BCF0726A2C71B55800999035 /* FoldersView.swift */; };
		BCF0726E2C71B58600999035 /* SettingsView.swift in Sources */ = {isa = PBXBuildFile; fileRef = BCF0726D2C71B58600999035 /* SettingsView.swift */; };
/* End PBXBuildFile section */

/* Begin PBXContainerItemProxy section */
		BC7EFA3F2C6C6A8200FB24EA /* PBXContainerItemProxy */ = {
			isa = PBXContainerItemProxy;
			containerPortal = BC7EFA242C6C6A8000FB24EA /* Project object */;
			proxyType = 1;
			remoteGlobalIDString = BC7EFA2B2C6C6A8000FB24EA;
			remoteInfo = DailyPlan;
		};
		BC7EFA492C6C6A8200FB24EA /* PBXContainerItemProxy */ = {
			isa = PBXContainerItemProxy;
			containerPortal = BC7EFA242C6C6A8000FB24EA /* Project object */;
			proxyType = 1;
			remoteGlobalIDString = BC7EFA2B2C6C6A8000FB24EA;
			remoteInfo = DailyPlan;
		};
/* End PBXContainerItemProxy section */

/* Begin PBXFileReference section */
		BC0546132C74C01300E6AD68 /* TaskCell.swift */ = {isa = PBXFileReference; lastKnownFileType = sourcecode.swift; path = TaskCell.swift; sourceTree = "<group>"; };
		BC0546152C74D26E00E6AD68 /* CheckMarkButton.swift */ = {isa = PBXFileReference; lastKnownFileType = sourcecode.swift; path = CheckMarkButton.swift; sourceTree = "<group>"; };
		BC083C812D5B869D00C6C354 /* PopoverTimePicker.swift */ = {isa = PBXFileReference; lastKnownFileType = sourcecode.swift; path = PopoverTimePicker.swift; sourceTree = "<group>"; };
		BC17779D2D67759B00445C62 /* NavBarButton.swift */ = {isa = PBXFileReference; lastKnownFileType = sourcecode.swift; path = NavBarButton.swift; sourceTree = "<group>"; };
		BC2084BE2D4A5AA4008C1118 /* RootView.swift */ = {isa = PBXFileReference; lastKnownFileType = sourcecode.swift; path = RootView.swift; sourceTree = "<group>"; };
		BC64305B2D4F8C1900ECA960 /* UIAplication.swift */ = {isa = PBXFileReference; lastKnownFileType = sourcecode.swift; path = UIAplication.swift; sourceTree = "<group>"; };
		BC64305D2D4F8D0900ECA960 /* CategoriesView.swift */ = {isa = PBXFileReference; lastKnownFileType = sourcecode.swift; path = CategoriesView.swift; sourceTree = "<group>"; };
		BC64305F2D4FC35000ECA960 /* CustomTextField.swift */ = {isa = PBXFileReference; lastKnownFileType = sourcecode.swift; path = CustomTextField.swift; sourceTree = "<group>"; };
		BC6430612D4FC49700ECA960 /* View.swift */ = {isa = PBXFileReference; lastKnownFileType = sourcecode.swift; path = View.swift; sourceTree = "<group>"; };
		BC6EBB332C730AC900F86B52 /* TaskCategory.swift */ = {isa = PBXFileReference; lastKnownFileType = sourcecode.swift; path = TaskCategory.swift; sourceTree = "<group>"; };
		BC6EBB352C730B3900F86B52 /* TaskRecord.swift */ = {isa = PBXFileReference; lastKnownFileType = sourcecode.swift; path = TaskRecord.swift; sourceTree = "<group>"; };
		BC748A152D6B138C00EB9D5C /* TaskListViewModel.swift */ = {isa = PBXFileReference; lastKnownFileType = sourcecode.swift; path = TaskListViewModel.swift; sourceTree = "<group>"; };
		BC748A202D6B40AC00EB9D5C /* TaskConfigurationViewModel.swift */ = {isa = PBXFileReference; lastKnownFileType = sourcecode.swift; path = TaskConfigurationViewModel.swift; sourceTree = "<group>"; };
		BC7EFA2C2C6C6A8000FB24EA /* DailyPlan.app */ = {isa = PBXFileReference; explicitFileType = wrapper.application; includeInIndex = 0; path = DailyPlan.app; sourceTree = BUILT_PRODUCTS_DIR; };
		BC7EFA2F2C6C6A8000FB24EA /* DailyPlanApp.swift */ = {isa = PBXFileReference; lastKnownFileType = sourcecode.swift; path = DailyPlanApp.swift; sourceTree = "<group>"; };
		BC7EFA352C6C6A8200FB24EA /* Assets.xcassets */ = {isa = PBXFileReference; lastKnownFileType = folder.assetcatalog; path = Assets.xcassets; sourceTree = "<group>"; };
		BC7EFA382C6C6A8200FB24EA /* Preview Assets.xcassets */ = {isa = PBXFileReference; lastKnownFileType = folder.assetcatalog; path = "Preview Assets.xcassets"; sourceTree = "<group>"; };
		BC7EFA3E2C6C6A8200FB24EA /* DailyPlanTests.xctest */ = {isa = PBXFileReference; explicitFileType = wrapper.cfbundle; includeInIndex = 0; path = DailyPlanTests.xctest; sourceTree = BUILT_PRODUCTS_DIR; };
		BC7EFA422C6C6A8200FB24EA /* DailyPlanTests.swift */ = {isa = PBXFileReference; lastKnownFileType = sourcecode.swift; path = DailyPlanTests.swift; sourceTree = "<group>"; };
		BC7EFA482C6C6A8200FB24EA /* DailyPlanUITests.xctest */ = {isa = PBXFileReference; explicitFileType = wrapper.cfbundle; includeInIndex = 0; path = DailyPlanUITests.xctest; sourceTree = BUILT_PRODUCTS_DIR; };
		BC7EFA4C2C6C6A8200FB24EA /* DailyPlanUITests.swift */ = {isa = PBXFileReference; lastKnownFileType = sourcecode.swift; path = DailyPlanUITests.swift; sourceTree = "<group>"; };
		BC7EFA4E2C6C6A8200FB24EA /* DailyPlanUITestsLaunchTests.swift */ = {isa = PBXFileReference; lastKnownFileType = sourcecode.swift; path = DailyPlanUITestsLaunchTests.swift; sourceTree = "<group>"; };
		BC83E9CD2D64860A00D31B9D /* StrokeRoundedView.swift */ = {isa = PBXFileReference; lastKnownFileType = sourcecode.swift; path = StrokeRoundedView.swift; sourceTree = "<group>"; };
		BC83E9CF2D648C7700D31B9D /* BorderParameters.swift */ = {isa = PBXFileReference; lastKnownFileType = sourcecode.swift; path = BorderParameters.swift; sourceTree = "<group>"; };
		BC848A172D5C629500776E8C /* Date.swift */ = {isa = PBXFileReference; lastKnownFileType = sourcecode.swift; path = Date.swift; sourceTree = "<group>"; };
		BC848A192D5C7CEF00776E8C /* CGSize.swift */ = {isa = PBXFileReference; lastKnownFileType = sourcecode.swift; path = CGSize.swift; sourceTree = "<group>"; };
		BC848A1E2D5C836200776E8C /* ViewSize.swift */ = {isa = PBXFileReference; lastKnownFileType = sourcecode.swift; path = ViewSize.swift; sourceTree = "<group>"; };
		BC848A202D5C866900776E8C /* CGFloat.swift */ = {isa = PBXFileReference; lastKnownFileType = sourcecode.swift; path = CGFloat.swift; sourceTree = "<group>"; };
		BC848A222D5C922300776E8C /* PopoverDatePicker.swift */ = {isa = PBXFileReference; lastKnownFileType = sourcecode.swift; path = PopoverDatePicker.swift; sourceTree = "<group>"; };
		BC98D61E2D5E3BB4004817DD /* ListItemPosition.swift */ = {isa = PBXFileReference; lastKnownFileType = sourcecode.swift; path = ListItemPosition.swift; sourceTree = "<group>"; };
		BC98D6202D5E3BD3004817DD /* ListItemCorner.swift */ = {isa = PBXFileReference; lastKnownFileType = sourcecode.swift; path = ListItemCorner.swift; sourceTree = "<group>"; };
		BCA93C192C74F6B70028DE2D /* DescriptionView.swift */ = {isa = PBXFileReference; lastKnownFileType = sourcecode.swift; path = DescriptionView.swift; sourceTree = "<group>"; };
		BCB295F32D4D34CD00B75559 /* DateFormatManager.swift */ = {isa = PBXFileReference; lastKnownFileType = sourcecode.swift; path = DateFormatManager.swift; sourceTree = "<group>"; };
		BCB295F52D4D39C900B75559 /* Schedule.swift */ = {isa = PBXFileReference; lastKnownFileType = sourcecode.swift; path = Schedule.swift; sourceTree = "<group>"; };
		BCBE35322D5DD89700796ABB /* PopoverDirection.swift */ = {isa = PBXFileReference; lastKnownFileType = sourcecode.swift; path = PopoverDirection.swift; sourceTree = "<group>"; };
		BCBE35342D5DDACF00796ABB /* Tabs.swift */ = {isa = PBXFileReference; lastKnownFileType = sourcecode.swift; path = Tabs.swift; sourceTree = "<group>"; };
		BCC288F92C7304A3008E7176 /* TaskInfo.swift */ = {isa = PBXFileReference; lastKnownFileType = sourcecode.swift; path = TaskInfo.swift; sourceTree = "<group>"; };
		BCE0D7DA2D533C3700255FC4 /* ScheduleView.swift */ = {isa = PBXFileReference; lastKnownFileType = sourcecode.swift; path = ScheduleView.swift; sourceTree = "<group>"; };
		BCE284032D4E0FCF00224553 /* TaskConfigurationView.swift */ = {isa = PBXFileReference; lastKnownFileType = sourcecode.swift; path = TaskConfigurationView.swift; sourceTree = "<group>"; };
		BCE284052D4E68ED00224553 /* RepresentedTextView.swift */ = {isa = PBXFileReference; lastKnownFileType = sourcecode.swift; path = RepresentedTextView.swift; sourceTree = "<group>"; };
		BCEA4E4B2D760C9C005FB175 /* NonBindingToggle.swift */ = {isa = PBXFileReference; lastKnownFileType = sourcecode.swift; path = NonBindingToggle.swift; sourceTree = "<group>"; };
		BCEA4E4E2D761787005FB175 /* StaticButtonStyle.swift */ = {isa = PBXFileReference; lastKnownFileType = sourcecode.swift; path = StaticButtonStyle.swift; sourceTree = "<group>"; };
		BCEA4E502D7618B6005FB175 /* ButtonStyle.swift */ = {isa = PBXFileReference; lastKnownFileType = sourcecode.swift; path = ButtonStyle.swift; sourceTree = "<group>"; };
		BCF0725F2C70D72800999035 /* TabBarView.swift */ = {isa = PBXFileReference; lastKnownFileType = sourcecode.swift; path = TabBarView.swift; sourceTree = "<group>"; };
		BCF072622C70DC9F00999035 /* Font.swift */ = {isa = PBXFileReference; lastKnownFileType = sourcecode.swift; path = Font.swift; sourceTree = "<group>"; };
		BCF072642C70F0F300999035 /* TabBarButton.swift */ = {isa = PBXFileReference; lastKnownFileType = sourcecode.swift; path = TabBarButton.swift; sourceTree = "<group>"; };
		BCF072672C71AD4800999035 /* TasksListView.swift */ = {isa = PBXFileReference; lastKnownFileType = sourcecode.swift; path = TasksListView.swift; sourceTree = "<group>"; };
		BCF0726A2C71B55800999035 /* FoldersView.swift */ = {isa = PBXFileReference; lastKnownFileType = sourcecode.swift; path = FoldersView.swift; sourceTree = "<group>"; };
		BCF0726D2C71B58600999035 /* SettingsView.swift */ = {isa = PBXFileReference; lastKnownFileType = sourcecode.swift; path = SettingsView.swift; sourceTree = "<group>"; };
/* End PBXFileReference section */

/* Begin PBXFrameworksBuildPhase section */
		BC7EFA292C6C6A8000FB24EA /* Frameworks */ = {
			isa = PBXFrameworksBuildPhase;
			buildActionMask = 2147483647;
			files = (
			);
			runOnlyForDeploymentPostprocessing = 0;
		};
		BC7EFA3B2C6C6A8200FB24EA /* Frameworks */ = {
			isa = PBXFrameworksBuildPhase;
			buildActionMask = 2147483647;
			files = (
			);
			runOnlyForDeploymentPostprocessing = 0;
		};
		BC7EFA452C6C6A8200FB24EA /* Frameworks */ = {
			isa = PBXFrameworksBuildPhase;
			buildActionMask = 2147483647;
			files = (
			);
			runOnlyForDeploymentPostprocessing = 0;
		};
/* End PBXFrameworksBuildPhase section */

/* Begin PBXGroup section */
		BC748A172D6B13A900EB9D5C /* TaskConfigurationView */ = {
			isa = PBXGroup;
			children = (
				BCE284032D4E0FCF00224553 /* TaskConfigurationView.swift */,
				BC748A202D6B40AC00EB9D5C /* TaskConfigurationViewModel.swift */,
			);
			path = TaskConfigurationView;
			sourceTree = "<group>";
		};
		BC748A182D6B13B500EB9D5C /* CategoriesView */ = {
			isa = PBXGroup;
			children = (
				BC64305D2D4F8D0900ECA960 /* CategoriesView.swift */,
			);
			path = CategoriesView;
			sourceTree = "<group>";
		};
		BC748A1F2D6B3CD400EB9D5C /* TasksListView */ = {
			isa = PBXGroup;
			children = (
				BCF072672C71AD4800999035 /* TasksListView.swift */,
				BC748A152D6B138C00EB9D5C /* TaskListViewModel.swift */,
			);
			path = TasksListView;
			sourceTree = "<group>";
		};
		BC7EFA232C6C6A8000FB24EA = {
			isa = PBXGroup;
			children = (
				BC7EFA2E2C6C6A8000FB24EA /* DailyPlan */,
				BC7EFA412C6C6A8200FB24EA /* DailyPlanTests */,
				BC7EFA4B2C6C6A8200FB24EA /* DailyPlanUITests */,
				BC7EFA2D2C6C6A8000FB24EA /* Products */,
			);
			sourceTree = "<group>";
		};
		BC7EFA2D2C6C6A8000FB24EA /* Products */ = {
			isa = PBXGroup;
			children = (
				BC7EFA2C2C6C6A8000FB24EA /* DailyPlan.app */,
				BC7EFA3E2C6C6A8200FB24EA /* DailyPlanTests.xctest */,
				BC7EFA482C6C6A8200FB24EA /* DailyPlanUITests.xctest */,
			);
			name = Products;
			sourceTree = "<group>";
		};
		BC7EFA2E2C6C6A8000FB24EA /* DailyPlan */ = {
			isa = PBXGroup;
			children = (
				BC7EFA2F2C6C6A8000FB24EA /* DailyPlanApp.swift */,
				BC848A1C2D5C831A00776E8C /* Helpers */,
				BCB295F22D4D34B400B75559 /* Services */,
				BCEF08B12C74DBAA0014A8AA /* CustomViews */,
				BCC288FB2C730740008E7176 /* Models */,
				BCF0725D2C70D6EB00999035 /* Screens */,
				BC7EFA372C6C6A8200FB24EA /* Preview Content */,
				BC7EFA352C6C6A8200FB24EA /* Assets.xcassets */,
			);
			path = DailyPlan;
			sourceTree = "<group>";
		};
		BC7EFA372C6C6A8200FB24EA /* Preview Content */ = {
			isa = PBXGroup;
			children = (
				BC7EFA382C6C6A8200FB24EA /* Preview Assets.xcassets */,
			);
			path = "Preview Content";
			sourceTree = "<group>";
		};
		BC7EFA412C6C6A8200FB24EA /* DailyPlanTests */ = {
			isa = PBXGroup;
			children = (
				BC7EFA422C6C6A8200FB24EA /* DailyPlanTests.swift */,
			);
			path = DailyPlanTests;
			sourceTree = "<group>";
		};
		BC7EFA4B2C6C6A8200FB24EA /* DailyPlanUITests */ = {
			isa = PBXGroup;
			children = (
				BC7EFA4C2C6C6A8200FB24EA /* DailyPlanUITests.swift */,
				BC7EFA4E2C6C6A8200FB24EA /* DailyPlanUITestsLaunchTests.swift */,
			);
			path = DailyPlanUITests;
			sourceTree = "<group>";
		};
		BC848A1C2D5C831A00776E8C /* Helpers */ = {
			isa = PBXGroup;
			children = (
				BCEA4E4D2D76177C005FB175 /* ButtonStyles */,
				BC848A1D2D5C833700776E8C /* ViewModifiers */,
				BCF072612C70DC8300999035 /* Extensions */,
			);
			path = Helpers;
			sourceTree = "<group>";
		};
		BC848A1D2D5C833700776E8C /* ViewModifiers */ = {
			isa = PBXGroup;
			children = (
				BC17779D2D67759B00445C62 /* NavBarButton.swift */,
				BC83E9CD2D64860A00D31B9D /* StrokeRoundedView.swift */,
				BC848A1E2D5C836200776E8C /* ViewSize.swift */,
				BC98D6202D5E3BD3004817DD /* ListItemCorner.swift */,
			);
			path = ViewModifiers;
			sourceTree = "<group>";
		};
		BCB1D24C2D50935400315EAE /* TextContainers */ = {
			isa = PBXGroup;
			children = (
				BC64305F2D4FC35000ECA960 /* CustomTextField.swift */,
				BCA93C192C74F6B70028DE2D /* DescriptionView.swift */,
				BCE284052D4E68ED00224553 /* RepresentedTextView.swift */,
			);
			path = TextContainers;
			sourceTree = "<group>";
		};
		BCB295F22D4D34B400B75559 /* Services */ = {
			isa = PBXGroup;
			children = (
				BCB295F32D4D34CD00B75559 /* DateFormatManager.swift */,
			);
			path = Services;
			sourceTree = "<group>";
		};
		BCBE35362D5DE14100796ABB /* TaskModels */ = {
			isa = PBXGroup;
			children = (
				BCC288F92C7304A3008E7176 /* TaskInfo.swift */,
				BC6EBB332C730AC900F86B52 /* TaskCategory.swift */,
				BC6EBB352C730B3900F86B52 /* TaskRecord.swift */,
				BCB295F52D4D39C900B75559 /* Schedule.swift */,
			);
			path = TaskModels;
			sourceTree = "<group>";
		};
		BCC288FB2C730740008E7176 /* Models */ = {
			isa = PBXGroup;
			children = (
				BC83E9CF2D648C7700D31B9D /* BorderParameters.swift */,
				BC98D61E2D5E3BB4004817DD /* ListItemPosition.swift */,
				BCBE35322D5DD89700796ABB /* PopoverDirection.swift */,
				BCBE35342D5DDACF00796ABB /* Tabs.swift */,
				BCBE35362D5DE14100796ABB /* TaskModels */,
			);
			path = Models;
			sourceTree = "<group>";
		};
		BCEA4E4D2D76177C005FB175 /* ButtonStyles */ = {
			isa = PBXGroup;
			children = (
				BCEA4E4E2D761787005FB175 /* StaticButtonStyle.swift */,
			);
			path = ButtonStyles;
			sourceTree = "<group>";
		};
		BCEF08B12C74DBAA0014A8AA /* CustomViews */ = {
			isa = PBXGroup;
			children = (
				BCEA4E4B2D760C9C005FB175 /* NonBindingToggle.swift */,
				BC848A222D5C922300776E8C /* PopoverDatePicker.swift */,
				BC083C812D5B869D00C6C354 /* PopoverTimePicker.swift */,
				BC0546152C74D26E00E6AD68 /* CheckMarkButton.swift */,
				BCE0D7DA2D533C3700255FC4 /* ScheduleView.swift */,
				BC0546132C74C01300E6AD68 /* TaskCell.swift */,
				BCB1D24C2D50935400315EAE /* TextContainers */,
				BCF0725E2C70D6F800999035 /* TabBar */,
			);
			path = CustomViews;
			sourceTree = "<group>";
		};
		BCF0725D2C70D6EB00999035 /* Screens */ = {
			isa = PBXGroup;
			children = (
				BC2084BE2D4A5AA4008C1118 /* RootView.swift */,
				BCF072662C71ACE300999035 /* TaskListPage */,
				BCF072692C71B54400999035 /* FoldersView */,
				BCF0726C2C71B56F00999035 /* SettingsView */,
			);
			path = Screens;
			sourceTree = "<group>";
		};
		BCF0725E2C70D6F800999035 /* TabBar */ = {
			isa = PBXGroup;
			children = (
				BCF0725F2C70D72800999035 /* TabBarView.swift */,
				BCF072642C70F0F300999035 /* TabBarButton.swift */,
			);
			path = TabBar;
			sourceTree = "<group>";
		};
		BCF072612C70DC8300999035 /* Extensions */ = {
			isa = PBXGroup;
			children = (
				BCEA4E502D7618B6005FB175 /* ButtonStyle.swift */,
				BC64305B2D4F8C1900ECA960 /* UIAplication.swift */,
				BC848A202D5C866900776E8C /* CGFloat.swift */,
				BC848A192D5C7CEF00776E8C /* CGSize.swift */,
				BC6430612D4FC49700ECA960 /* View.swift */,
				BCF072622C70DC9F00999035 /* Font.swift */,
				BC848A172D5C629500776E8C /* Date.swift */,
			);
			path = Extensions;
			sourceTree = "<group>";
		};
		BCF072662C71ACE300999035 /* TaskListPage */ = {
			isa = PBXGroup;
			children = (
				BC748A1F2D6B3CD400EB9D5C /* TasksListView */,
				BC748A172D6B13A900EB9D5C /* TaskConfigurationView */,
				BC748A182D6B13B500EB9D5C /* CategoriesView */,
			);
			path = TaskListPage;
			sourceTree = "<group>";
		};
		BCF072692C71B54400999035 /* FoldersView */ = {
			isa = PBXGroup;
			children = (
				BCF0726A2C71B55800999035 /* FoldersView.swift */,
			);
			path = FoldersView;
			sourceTree = "<group>";
		};
		BCF0726C2C71B56F00999035 /* SettingsView */ = {
			isa = PBXGroup;
			children = (
				BCF0726D2C71B58600999035 /* SettingsView.swift */,
			);
			path = SettingsView;
			sourceTree = "<group>";
		};
/* End PBXGroup section */

/* Begin PBXNativeTarget section */
		BC7EFA2B2C6C6A8000FB24EA /* DailyPlan */ = {
			isa = PBXNativeTarget;
			buildConfigurationList = BC7EFA522C6C6A8200FB24EA /* Build configuration list for PBXNativeTarget "DailyPlan" */;
			buildPhases = (
				BC7EFA282C6C6A8000FB24EA /* Sources */,
				BC7EFA292C6C6A8000FB24EA /* Frameworks */,
				BC7EFA2A2C6C6A8000FB24EA /* Resources */,
			);
			buildRules = (
			);
			dependencies = (
			);
			name = DailyPlan;
			productName = DailyPlan;
			productReference = BC7EFA2C2C6C6A8000FB24EA /* DailyPlan.app */;
			productType = "com.apple.product-type.application";
		};
		BC7EFA3D2C6C6A8200FB24EA /* DailyPlanTests */ = {
			isa = PBXNativeTarget;
			buildConfigurationList = BC7EFA552C6C6A8200FB24EA /* Build configuration list for PBXNativeTarget "DailyPlanTests" */;
			buildPhases = (
				BC7EFA3A2C6C6A8200FB24EA /* Sources */,
				BC7EFA3B2C6C6A8200FB24EA /* Frameworks */,
				BC7EFA3C2C6C6A8200FB24EA /* Resources */,
			);
			buildRules = (
			);
			dependencies = (
				BC7EFA402C6C6A8200FB24EA /* PBXTargetDependency */,
			);
			name = DailyPlanTests;
			productName = DailyPlanTests;
			productReference = BC7EFA3E2C6C6A8200FB24EA /* DailyPlanTests.xctest */;
			productType = "com.apple.product-type.bundle.unit-test";
		};
		BC7EFA472C6C6A8200FB24EA /* DailyPlanUITests */ = {
			isa = PBXNativeTarget;
			buildConfigurationList = BC7EFA582C6C6A8200FB24EA /* Build configuration list for PBXNativeTarget "DailyPlanUITests" */;
			buildPhases = (
				BC7EFA442C6C6A8200FB24EA /* Sources */,
				BC7EFA452C6C6A8200FB24EA /* Frameworks */,
				BC7EFA462C6C6A8200FB24EA /* Resources */,
			);
			buildRules = (
			);
			dependencies = (
				BC7EFA4A2C6C6A8200FB24EA /* PBXTargetDependency */,
			);
			name = DailyPlanUITests;
			productName = DailyPlanUITests;
			productReference = BC7EFA482C6C6A8200FB24EA /* DailyPlanUITests.xctest */;
			productType = "com.apple.product-type.bundle.ui-testing";
		};
/* End PBXNativeTarget section */

/* Begin PBXProject section */
		BC7EFA242C6C6A8000FB24EA /* Project object */ = {
			isa = PBXProject;
			attributes = {
				BuildIndependentTargetsInParallel = 1;
				LastSwiftUpdateCheck = 1540;
				LastUpgradeCheck = 1540;
				TargetAttributes = {
					BC7EFA2B2C6C6A8000FB24EA = {
						CreatedOnToolsVersion = 15.4;
					};
					BC7EFA3D2C6C6A8200FB24EA = {
						CreatedOnToolsVersion = 15.4;
						TestTargetID = BC7EFA2B2C6C6A8000FB24EA;
					};
					BC7EFA472C6C6A8200FB24EA = {
						CreatedOnToolsVersion = 15.4;
						TestTargetID = BC7EFA2B2C6C6A8000FB24EA;
					};
				};
			};
			buildConfigurationList = BC7EFA272C6C6A8000FB24EA /* Build configuration list for PBXProject "DailyPlan" */;
			compatibilityVersion = "Xcode 14.0";
			developmentRegion = en;
			hasScannedForEncodings = 0;
			knownRegions = (
				en,
				Base,
			);
			mainGroup = BC7EFA232C6C6A8000FB24EA;
			productRefGroup = BC7EFA2D2C6C6A8000FB24EA /* Products */;
			projectDirPath = "";
			projectRoot = "";
			targets = (
				BC7EFA2B2C6C6A8000FB24EA /* DailyPlan */,
				BC7EFA3D2C6C6A8200FB24EA /* DailyPlanTests */,
				BC7EFA472C6C6A8200FB24EA /* DailyPlanUITests */,
			);
		};
/* End PBXProject section */

/* Begin PBXResourcesBuildPhase section */
		BC7EFA2A2C6C6A8000FB24EA /* Resources */ = {
			isa = PBXResourcesBuildPhase;
			buildActionMask = 2147483647;
			files = (
				BC7EFA392C6C6A8200FB24EA /* Preview Assets.xcassets in Resources */,
				BC7EFA362C6C6A8200FB24EA /* Assets.xcassets in Resources */,
			);
			runOnlyForDeploymentPostprocessing = 0;
		};
		BC7EFA3C2C6C6A8200FB24EA /* Resources */ = {
			isa = PBXResourcesBuildPhase;
			buildActionMask = 2147483647;
			files = (
			);
			runOnlyForDeploymentPostprocessing = 0;
		};
		BC7EFA462C6C6A8200FB24EA /* Resources */ = {
			isa = PBXResourcesBuildPhase;
			buildActionMask = 2147483647;
			files = (
			);
			runOnlyForDeploymentPostprocessing = 0;
		};
/* End PBXResourcesBuildPhase section */

/* Begin PBXSourcesBuildPhase section */
		BC7EFA282C6C6A8000FB24EA /* Sources */ = {
			isa = PBXSourcesBuildPhase;
			buildActionMask = 2147483647;
			files = (
				BC848A182D5C629500776E8C /* Date.swift in Sources */,
				BC083C822D5B86A500C6C354 /* PopoverTimePicker.swift in Sources */,
				BCF072682C71AD4800999035 /* TasksListView.swift in Sources */,
				BCBE35332D5DD89700796ABB /* PopoverDirection.swift in Sources */,
				BCF072632C70DC9F00999035 /* Font.swift in Sources */,
				BC98D6212D5E3BD3004817DD /* ListItemCorner.swift in Sources */,
				BC748A212D6B40AC00EB9D5C /* TaskConfigurationViewModel.swift in Sources */,
				BC848A1F2D5C836200776E8C /* ViewSize.swift in Sources */,
				BC848A232D5C922300776E8C /* PopoverDatePicker.swift in Sources */,
				BCE284042D4E110600224553 /* TaskConfigurationView.swift in Sources */,
				BC83E9CE2D64862300D31B9D /* StrokeRoundedView.swift in Sources */,
				BCF072602C70D72800999035 /* TabBarView.swift in Sources */,
				BC0546162C74D26E00E6AD68 /* CheckMarkButton.swift in Sources */,
				BCC288FA2C7304A3008E7176 /* TaskInfo.swift in Sources */,
				BCBE35352D5DDACF00796ABB /* Tabs.swift in Sources */,
				BCE0D7DB2D533C3700255FC4 /* ScheduleView.swift in Sources */,
				BC7EFA302C6C6A8000FB24EA /* DailyPlanApp.swift in Sources */,
				BCEA4E4F2D761787005FB175 /* StaticButtonStyle.swift in Sources */,
				BCE284062D4E68ED00224553 /* RepresentedTextView.swift in Sources */,
				BCB295F62D4D39C900B75559 /* Schedule.swift in Sources */,
				BC6430622D4FC49700ECA960 /* View.swift in Sources */,
				BC17779E2D67759B00445C62 /* NavBarButton.swift in Sources */,
				BC98D61F2D5E3BB4004817DD /* ListItemPosition.swift in Sources */,
				BCB295F42D4D34D100B75559 /* DateFormatManager.swift in Sources */,
				BC848A1A2D5C7D1C00776E8C /* CGSize.swift in Sources */,
				BCEA4E4C2D760C9C005FB175 /* NonBindingToggle.swift in Sources */,
				BC848A212D5C867000776E8C /* CGFloat.swift in Sources */,
				BCA93C1A2C74F6B70028DE2D /* DescriptionView.swift in Sources */,
				BCF0726B2C71B55800999035 /* FoldersView.swift in Sources */,
				BCF072652C70F0F300999035 /* TabBarButton.swift in Sources */,
				BC6EBB362C730B3900F86B52 /* TaskRecord.swift in Sources */,
				BC6430602D4FC35E00ECA960 /* CustomTextField.swift in Sources */,
				BC64305E2D4F8D1100ECA960 /* CategoriesView.swift in Sources */,
				BC748A162D6B138C00EB9D5C /* TaskListViewModel.swift in Sources */,
				BCF0726E2C71B58600999035 /* SettingsView.swift in Sources */,
				BC0546142C74C01300E6AD68 /* TaskCell.swift in Sources */,
				BCEA4E512D7618B6005FB175 /* ButtonStyle.swift in Sources */,
				BC6EBB342C730AC900F86B52 /* TaskCategory.swift in Sources */,
				BC64305C2D4F8C1900ECA960 /* UIAplication.swift in Sources */,
				BC83E9D02D648C7700D31B9D /* BorderParameters.swift in Sources */,
				BC2084BF2D4A5AA4008C1118 /* RootView.swift in Sources */,
			);
			runOnlyForDeploymentPostprocessing = 0;
		};
		BC7EFA3A2C6C6A8200FB24EA /* Sources */ = {
			isa = PBXSourcesBuildPhase;
			buildActionMask = 2147483647;
			files = (
				BC7EFA432C6C6A8200FB24EA /* DailyPlanTests.swift in Sources */,
			);
			runOnlyForDeploymentPostprocessing = 0;
		};
		BC7EFA442C6C6A8200FB24EA /* Sources */ = {
			isa = PBXSourcesBuildPhase;
			buildActionMask = 2147483647;
			files = (
				BC7EFA4D2C6C6A8200FB24EA /* DailyPlanUITests.swift in Sources */,
				BC7EFA4F2C6C6A8200FB24EA /* DailyPlanUITestsLaunchTests.swift in Sources */,
			);
			runOnlyForDeploymentPostprocessing = 0;
		};
/* End PBXSourcesBuildPhase section */

/* Begin PBXTargetDependency section */
		BC7EFA402C6C6A8200FB24EA /* PBXTargetDependency */ = {
			isa = PBXTargetDependency;
			target = BC7EFA2B2C6C6A8000FB24EA /* DailyPlan */;
			targetProxy = BC7EFA3F2C6C6A8200FB24EA /* PBXContainerItemProxy */;
		};
		BC7EFA4A2C6C6A8200FB24EA /* PBXTargetDependency */ = {
			isa = PBXTargetDependency;
			target = BC7EFA2B2C6C6A8000FB24EA /* DailyPlan */;
			targetProxy = BC7EFA492C6C6A8200FB24EA /* PBXContainerItemProxy */;
		};
/* End PBXTargetDependency section */

/* Begin XCBuildConfiguration section */
		BC7EFA502C6C6A8200FB24EA /* Debug */ = {
			isa = XCBuildConfiguration;
			buildSettings = {
				ALWAYS_SEARCH_USER_PATHS = NO;
				ASSETCATALOG_COMPILER_GENERATE_SWIFT_ASSET_SYMBOL_EXTENSIONS = YES;
				CLANG_ANALYZER_NONNULL = YES;
				CLANG_ANALYZER_NUMBER_OBJECT_CONVERSION = YES_AGGRESSIVE;
				CLANG_CXX_LANGUAGE_STANDARD = "gnu++20";
				CLANG_ENABLE_MODULES = YES;
				CLANG_ENABLE_OBJC_ARC = YES;
				CLANG_ENABLE_OBJC_WEAK = YES;
				CLANG_WARN_BLOCK_CAPTURE_AUTORELEASING = YES;
				CLANG_WARN_BOOL_CONVERSION = YES;
				CLANG_WARN_COMMA = YES;
				CLANG_WARN_CONSTANT_CONVERSION = YES;
				CLANG_WARN_DEPRECATED_OBJC_IMPLEMENTATIONS = YES;
				CLANG_WARN_DIRECT_OBJC_ISA_USAGE = YES_ERROR;
				CLANG_WARN_DOCUMENTATION_COMMENTS = YES;
				CLANG_WARN_EMPTY_BODY = YES;
				CLANG_WARN_ENUM_CONVERSION = YES;
				CLANG_WARN_INFINITE_RECURSION = YES;
				CLANG_WARN_INT_CONVERSION = YES;
				CLANG_WARN_NON_LITERAL_NULL_CONVERSION = YES;
				CLANG_WARN_OBJC_IMPLICIT_RETAIN_SELF = YES;
				CLANG_WARN_OBJC_LITERAL_CONVERSION = YES;
				CLANG_WARN_OBJC_ROOT_CLASS = YES_ERROR;
				CLANG_WARN_QUOTED_INCLUDE_IN_FRAMEWORK_HEADER = YES;
				CLANG_WARN_RANGE_LOOP_ANALYSIS = YES;
				CLANG_WARN_STRICT_PROTOTYPES = YES;
				CLANG_WARN_SUSPICIOUS_MOVE = YES;
				CLANG_WARN_UNGUARDED_AVAILABILITY = YES_AGGRESSIVE;
				CLANG_WARN_UNREACHABLE_CODE = YES;
				CLANG_WARN__DUPLICATE_METHOD_MATCH = YES;
				COPY_PHASE_STRIP = NO;
				DEBUG_INFORMATION_FORMAT = dwarf;
				ENABLE_STRICT_OBJC_MSGSEND = YES;
				ENABLE_TESTABILITY = YES;
				ENABLE_USER_SCRIPT_SANDBOXING = YES;
				GCC_C_LANGUAGE_STANDARD = gnu17;
				GCC_DYNAMIC_NO_PIC = NO;
				GCC_NO_COMMON_BLOCKS = YES;
				GCC_OPTIMIZATION_LEVEL = 0;
				GCC_PREPROCESSOR_DEFINITIONS = (
					"DEBUG=1",
					"$(inherited)",
				);
				GCC_WARN_64_TO_32_BIT_CONVERSION = YES;
				GCC_WARN_ABOUT_RETURN_TYPE = YES_ERROR;
				GCC_WARN_UNDECLARED_SELECTOR = YES;
				GCC_WARN_UNINITIALIZED_AUTOS = YES_AGGRESSIVE;
				GCC_WARN_UNUSED_FUNCTION = YES;
				GCC_WARN_UNUSED_VARIABLE = YES;
				IPHONEOS_DEPLOYMENT_TARGET = 17.5;
				LOCALIZATION_PREFERS_STRING_CATALOGS = YES;
				MTL_ENABLE_DEBUG_INFO = INCLUDE_SOURCE;
				MTL_FAST_MATH = YES;
				ONLY_ACTIVE_ARCH = YES;
				SDKROOT = iphoneos;
				SWIFT_ACTIVE_COMPILATION_CONDITIONS = "DEBUG $(inherited)";
				SWIFT_OPTIMIZATION_LEVEL = "-Onone";
			};
			name = Debug;
		};
		BC7EFA512C6C6A8200FB24EA /* Release */ = {
			isa = XCBuildConfiguration;
			buildSettings = {
				ALWAYS_SEARCH_USER_PATHS = NO;
				ASSETCATALOG_COMPILER_GENERATE_SWIFT_ASSET_SYMBOL_EXTENSIONS = YES;
				CLANG_ANALYZER_NONNULL = YES;
				CLANG_ANALYZER_NUMBER_OBJECT_CONVERSION = YES_AGGRESSIVE;
				CLANG_CXX_LANGUAGE_STANDARD = "gnu++20";
				CLANG_ENABLE_MODULES = YES;
				CLANG_ENABLE_OBJC_ARC = YES;
				CLANG_ENABLE_OBJC_WEAK = YES;
				CLANG_WARN_BLOCK_CAPTURE_AUTORELEASING = YES;
				CLANG_WARN_BOOL_CONVERSION = YES;
				CLANG_WARN_COMMA = YES;
				CLANG_WARN_CONSTANT_CONVERSION = YES;
				CLANG_WARN_DEPRECATED_OBJC_IMPLEMENTATIONS = YES;
				CLANG_WARN_DIRECT_OBJC_ISA_USAGE = YES_ERROR;
				CLANG_WARN_DOCUMENTATION_COMMENTS = YES;
				CLANG_WARN_EMPTY_BODY = YES;
				CLANG_WARN_ENUM_CONVERSION = YES;
				CLANG_WARN_INFINITE_RECURSION = YES;
				CLANG_WARN_INT_CONVERSION = YES;
				CLANG_WARN_NON_LITERAL_NULL_CONVERSION = YES;
				CLANG_WARN_OBJC_IMPLICIT_RETAIN_SELF = YES;
				CLANG_WARN_OBJC_LITERAL_CONVERSION = YES;
				CLANG_WARN_OBJC_ROOT_CLASS = YES_ERROR;
				CLANG_WARN_QUOTED_INCLUDE_IN_FRAMEWORK_HEADER = YES;
				CLANG_WARN_RANGE_LOOP_ANALYSIS = YES;
				CLANG_WARN_STRICT_PROTOTYPES = YES;
				CLANG_WARN_SUSPICIOUS_MOVE = YES;
				CLANG_WARN_UNGUARDED_AVAILABILITY = YES_AGGRESSIVE;
				CLANG_WARN_UNREACHABLE_CODE = YES;
				CLANG_WARN__DUPLICATE_METHOD_MATCH = YES;
				COPY_PHASE_STRIP = NO;
				DEBUG_INFORMATION_FORMAT = "dwarf-with-dsym";
				ENABLE_NS_ASSERTIONS = NO;
				ENABLE_STRICT_OBJC_MSGSEND = YES;
				ENABLE_USER_SCRIPT_SANDBOXING = YES;
				GCC_C_LANGUAGE_STANDARD = gnu17;
				GCC_NO_COMMON_BLOCKS = YES;
				GCC_WARN_64_TO_32_BIT_CONVERSION = YES;
				GCC_WARN_ABOUT_RETURN_TYPE = YES_ERROR;
				GCC_WARN_UNDECLARED_SELECTOR = YES;
				GCC_WARN_UNINITIALIZED_AUTOS = YES_AGGRESSIVE;
				GCC_WARN_UNUSED_FUNCTION = YES;
				GCC_WARN_UNUSED_VARIABLE = YES;
				IPHONEOS_DEPLOYMENT_TARGET = 17.5;
				LOCALIZATION_PREFERS_STRING_CATALOGS = YES;
				MTL_ENABLE_DEBUG_INFO = NO;
				MTL_FAST_MATH = YES;
				SDKROOT = iphoneos;
				SWIFT_COMPILATION_MODE = wholemodule;
				VALIDATE_PRODUCT = YES;
			};
			name = Release;
		};
		BC7EFA532C6C6A8200FB24EA /* Debug */ = {
			isa = XCBuildConfiguration;
			buildSettings = {
				ASSETCATALOG_COMPILER_APPICON_NAME = AppIcon;
				ASSETCATALOG_COMPILER_GLOBAL_ACCENT_COLOR_NAME = AccentColor;
				CODE_SIGN_STYLE = Automatic;
				CURRENT_PROJECT_VERSION = 1;
				DEVELOPMENT_ASSET_PATHS = "\"DailyPlan/Preview Content\"";
				DEVELOPMENT_TEAM = 8V4HQNY692;
				ENABLE_PREVIEWS = YES;
				GENERATE_INFOPLIST_FILE = YES;
				INFOPLIST_KEY_UIApplicationSceneManifest_Generation = YES;
				INFOPLIST_KEY_UIApplicationSupportsIndirectInputEvents = YES;
				INFOPLIST_KEY_UILaunchScreen_Generation = YES;
				INFOPLIST_KEY_UISupportedInterfaceOrientations = UIInterfaceOrientationPortrait;
				IPHONEOS_DEPLOYMENT_TARGET = 17.1;
				LD_RUNPATH_SEARCH_PATHS = (
					"$(inherited)",
					"@executable_path/Frameworks",
				);
				MARKETING_VERSION = 1.0;
				PRODUCT_BUNDLE_IDENTIFIER = ru.Timurkaev.DailyPlan;
				PRODUCT_NAME = "$(TARGET_NAME)";
				SUPPORTED_PLATFORMS = "iphoneos iphonesimulator";
				SUPPORTS_MACCATALYST = NO;
				SUPPORTS_MAC_DESIGNED_FOR_IPHONE_IPAD = NO;
				SUPPORTS_XR_DESIGNED_FOR_IPHONE_IPAD = NO;
				SWIFT_EMIT_LOC_STRINGS = YES;
				SWIFT_VERSION = 5.0;
				TARGETED_DEVICE_FAMILY = 1;
			};
			name = Debug;
		};
		BC7EFA542C6C6A8200FB24EA /* Release */ = {
			isa = XCBuildConfiguration;
			buildSettings = {
				ASSETCATALOG_COMPILER_APPICON_NAME = AppIcon;
				ASSETCATALOG_COMPILER_GLOBAL_ACCENT_COLOR_NAME = AccentColor;
				CODE_SIGN_STYLE = Automatic;
				CURRENT_PROJECT_VERSION = 1;
				DEVELOPMENT_ASSET_PATHS = "\"DailyPlan/Preview Content\"";
				DEVELOPMENT_TEAM = 8V4HQNY692;
				ENABLE_PREVIEWS = YES;
				GENERATE_INFOPLIST_FILE = YES;
				INFOPLIST_KEY_UIApplicationSceneManifest_Generation = YES;
				INFOPLIST_KEY_UIApplicationSupportsIndirectInputEvents = YES;
				INFOPLIST_KEY_UILaunchScreen_Generation = YES;
				INFOPLIST_KEY_UISupportedInterfaceOrientations = UIInterfaceOrientationPortrait;
				IPHONEOS_DEPLOYMENT_TARGET = 17.1;
				LD_RUNPATH_SEARCH_PATHS = (
					"$(inherited)",
					"@executable_path/Frameworks",
				);
				MARKETING_VERSION = 1.0;
				PRODUCT_BUNDLE_IDENTIFIER = ru.Timurkaev.DailyPlan;
				PRODUCT_NAME = "$(TARGET_NAME)";
				SUPPORTED_PLATFORMS = "iphoneos iphonesimulator";
				SUPPORTS_MACCATALYST = NO;
				SUPPORTS_MAC_DESIGNED_FOR_IPHONE_IPAD = NO;
				SUPPORTS_XR_DESIGNED_FOR_IPHONE_IPAD = NO;
				SWIFT_EMIT_LOC_STRINGS = YES;
				SWIFT_VERSION = 5.0;
				TARGETED_DEVICE_FAMILY = 1;
			};
			name = Release;
		};
		BC7EFA562C6C6A8200FB24EA /* Debug */ = {
			isa = XCBuildConfiguration;
			buildSettings = {
				ALWAYS_EMBED_SWIFT_STANDARD_LIBRARIES = YES;
				BUNDLE_LOADER = "$(TEST_HOST)";
				CODE_SIGN_STYLE = Automatic;
				CURRENT_PROJECT_VERSION = 1;
				DEVELOPMENT_TEAM = 8V4HQNY692;
				GENERATE_INFOPLIST_FILE = YES;
				IPHONEOS_DEPLOYMENT_TARGET = 17.5;
				MARKETING_VERSION = 1.0;
				PRODUCT_BUNDLE_IDENTIFIER = ru.practicum.Timurkaev.DailyPlanTests;
				PRODUCT_NAME = "$(TARGET_NAME)";
				SWIFT_EMIT_LOC_STRINGS = NO;
				SWIFT_VERSION = 5.0;
				TARGETED_DEVICE_FAMILY = "1,2";
				TEST_HOST = "$(BUILT_PRODUCTS_DIR)/DailyPlan.app/$(BUNDLE_EXECUTABLE_FOLDER_PATH)/DailyPlan";
			};
			name = Debug;
		};
		BC7EFA572C6C6A8200FB24EA /* Release */ = {
			isa = XCBuildConfiguration;
			buildSettings = {
				ALWAYS_EMBED_SWIFT_STANDARD_LIBRARIES = YES;
				BUNDLE_LOADER = "$(TEST_HOST)";
				CODE_SIGN_STYLE = Automatic;
				CURRENT_PROJECT_VERSION = 1;
				DEVELOPMENT_TEAM = 8V4HQNY692;
				GENERATE_INFOPLIST_FILE = YES;
				IPHONEOS_DEPLOYMENT_TARGET = 17.5;
				MARKETING_VERSION = 1.0;
				PRODUCT_BUNDLE_IDENTIFIER = ru.practicum.Timurkaev.DailyPlanTests;
				PRODUCT_NAME = "$(TARGET_NAME)";
				SWIFT_EMIT_LOC_STRINGS = NO;
				SWIFT_VERSION = 5.0;
				TARGETED_DEVICE_FAMILY = "1,2";
				TEST_HOST = "$(BUILT_PRODUCTS_DIR)/DailyPlan.app/$(BUNDLE_EXECUTABLE_FOLDER_PATH)/DailyPlan";
			};
			name = Release;
		};
		BC7EFA592C6C6A8200FB24EA /* Debug */ = {
			isa = XCBuildConfiguration;
			buildSettings = {
				ALWAYS_EMBED_SWIFT_STANDARD_LIBRARIES = YES;
				CODE_SIGN_STYLE = Automatic;
				CURRENT_PROJECT_VERSION = 1;
				DEVELOPMENT_TEAM = 8V4HQNY692;
				GENERATE_INFOPLIST_FILE = YES;
				MARKETING_VERSION = 1.0;
				PRODUCT_BUNDLE_IDENTIFIER = ru.practicum.Timurkaev.DailyPlanUITests;
				PRODUCT_NAME = "$(TARGET_NAME)";
				SWIFT_EMIT_LOC_STRINGS = NO;
				SWIFT_VERSION = 5.0;
				TARGETED_DEVICE_FAMILY = "1,2";
				TEST_TARGET_NAME = DailyPlan;
			};
			name = Debug;
		};
		BC7EFA5A2C6C6A8200FB24EA /* Release */ = {
			isa = XCBuildConfiguration;
			buildSettings = {
				ALWAYS_EMBED_SWIFT_STANDARD_LIBRARIES = YES;
				CODE_SIGN_STYLE = Automatic;
				CURRENT_PROJECT_VERSION = 1;
				DEVELOPMENT_TEAM = 8V4HQNY692;
				GENERATE_INFOPLIST_FILE = YES;
				MARKETING_VERSION = 1.0;
				PRODUCT_BUNDLE_IDENTIFIER = ru.practicum.Timurkaev.DailyPlanUITests;
				PRODUCT_NAME = "$(TARGET_NAME)";
				SWIFT_EMIT_LOC_STRINGS = NO;
				SWIFT_VERSION = 5.0;
				TARGETED_DEVICE_FAMILY = "1,2";
				TEST_TARGET_NAME = DailyPlan;
			};
			name = Release;
		};
/* End XCBuildConfiguration section */

/* Begin XCConfigurationList section */
		BC7EFA272C6C6A8000FB24EA /* Build configuration list for PBXProject "DailyPlan" */ = {
			isa = XCConfigurationList;
			buildConfigurations = (
				BC7EFA502C6C6A8200FB24EA /* Debug */,
				BC7EFA512C6C6A8200FB24EA /* Release */,
			);
			defaultConfigurationIsVisible = 0;
			defaultConfigurationName = Release;
		};
		BC7EFA522C6C6A8200FB24EA /* Build configuration list for PBXNativeTarget "DailyPlan" */ = {
			isa = XCConfigurationList;
			buildConfigurations = (
				BC7EFA532C6C6A8200FB24EA /* Debug */,
				BC7EFA542C6C6A8200FB24EA /* Release */,
			);
			defaultConfigurationIsVisible = 0;
			defaultConfigurationName = Release;
		};
		BC7EFA552C6C6A8200FB24EA /* Build configuration list for PBXNativeTarget "DailyPlanTests" */ = {
			isa = XCConfigurationList;
			buildConfigurations = (
				BC7EFA562C6C6A8200FB24EA /* Debug */,
				BC7EFA572C6C6A8200FB24EA /* Release */,
			);
			defaultConfigurationIsVisible = 0;
			defaultConfigurationName = Release;
		};
		BC7EFA582C6C6A8200FB24EA /* Build configuration list for PBXNativeTarget "DailyPlanUITests" */ = {
			isa = XCConfigurationList;
			buildConfigurations = (
				BC7EFA592C6C6A8200FB24EA /* Debug */,
				BC7EFA5A2C6C6A8200FB24EA /* Release */,
			);
			defaultConfigurationIsVisible = 0;
			defaultConfigurationName = Release;
		};
/* End XCConfigurationList section */
	};
	rootObject = BC7EFA242C6C6A8000FB24EA /* Project object */;
}
