// !$*UTF8*$!
{
	archiveVersion = 1;
	classes = {
	};
	objectVersion = 56;
	objects = {

/* Begin PBXBuildFile section */
		BC0546142C74C01300E6AD68 /* TaskCell.swift in Sources */ = {isa = PBXBuildFile; fileRef = BC0546132C74C01300E6AD68 /* TaskCell.swift */; };
		BC0546162C74D26E00E6AD68 /* CheckMarkButton.swift in Sources */ = {isa = PBXBuildFile; fileRef = BC0546152C74D26E00E6AD68 /* CheckMarkButton.swift */; };
		BC6EBB342C730AC900F86B52 /* TaskCategory.swift in Sources */ = {isa = PBXBuildFile; fileRef = BC6EBB332C730AC900F86B52 /* TaskCategory.swift */; };
		BC6EBB362C730B3900F86B52 /* TaskRecord.swift in Sources */ = {isa = PBXBuildFile; fileRef = BC6EBB352C730B3900F86B52 /* TaskRecord.swift */; };
		BC7EFA302C6C6A8000FB24EA /* DailyPlanApp.swift in Sources */ = {isa = PBXBuildFile; fileRef = BC7EFA2F2C6C6A8000FB24EA /* DailyPlanApp.swift */; };
		BC7EFA322C6C6A8000FB24EA /* RootView.swift in Sources */ = {isa = PBXBuildFile; fileRef = BC7EFA312C6C6A8000FB24EA /* RootView.swift */; };
		BC7EFA342C6C6A8000FB24EA /* Item.swift in Sources */ = {isa = PBXBuildFile; fileRef = BC7EFA332C6C6A8000FB24EA /* Item.swift */; };
		BC7EFA362C6C6A8200FB24EA /* Assets.xcassets in Resources */ = {isa = PBXBuildFile; fileRef = BC7EFA352C6C6A8200FB24EA /* Assets.xcassets */; };
		BC7EFA392C6C6A8200FB24EA /* Preview Assets.xcassets in Resources */ = {isa = PBXBuildFile; fileRef = BC7EFA382C6C6A8200FB24EA /* Preview Assets.xcassets */; };
		BC7EFA432C6C6A8200FB24EA /* DailyPlanTests.swift in Sources */ = {isa = PBXBuildFile; fileRef = BC7EFA422C6C6A8200FB24EA /* DailyPlanTests.swift */; };
		BC7EFA4D2C6C6A8200FB24EA /* DailyPlanUITests.swift in Sources */ = {isa = PBXBuildFile; fileRef = BC7EFA4C2C6C6A8200FB24EA /* DailyPlanUITests.swift */; };
		BC7EFA4F2C6C6A8200FB24EA /* DailyPlanUITestsLaunchTests.swift in Sources */ = {isa = PBXBuildFile; fileRef = BC7EFA4E2C6C6A8200FB24EA /* DailyPlanUITestsLaunchTests.swift */; };
		BCA93C182C74DFFC0028DE2D /* Extensions.swift in Sources */ = {isa = PBXBuildFile; fileRef = BCA93C172C74DFFC0028DE2D /* Extensions.swift */; };
		BCA93C1A2C74F6B70028DE2D /* TextContainerButton.swift in Sources */ = {isa = PBXBuildFile; fileRef = BCA93C192C74F6B70028DE2D /* TextContainerButton.swift */; };
		BCC288FA2C7304A3008E7176 /* Task.swift in Sources */ = {isa = PBXBuildFile; fileRef = BCC288F92C7304A3008E7176 /* Task.swift */; };
		BCF072602C70D72800999035 /* TabBarController.swift in Sources */ = {isa = PBXBuildFile; fileRef = BCF0725F2C70D72800999035 /* TabBarController.swift */; };
		BCF072632C70DC9F00999035 /* Fonts.swift in Sources */ = {isa = PBXBuildFile; fileRef = BCF072622C70DC9F00999035 /* Fonts.swift */; };
		BCF072652C70F0F300999035 /* TabBarButton.swift in Sources */ = {isa = PBXBuildFile; fileRef = BCF072642C70F0F300999035 /* TabBarButton.swift */; };
		BCF072682C71AD4800999035 /* TaskViewController.swift in Sources */ = {isa = PBXBuildFile; fileRef = BCF072672C71AD4800999035 /* TaskViewController.swift */; };
		BCF0726B2C71B55800999035 /* FilesViewController.swift in Sources */ = {isa = PBXBuildFile; fileRef = BCF0726A2C71B55800999035 /* FilesViewController.swift */; };
		BCF0726E2C71B58600999035 /* SettingsViewController.swift in Sources */ = {isa = PBXBuildFile; fileRef = BCF0726D2C71B58600999035 /* SettingsViewController.swift */; };
/* End PBXBuildFile section */

/* Begin PBXContainerItemProxy section */
		BC7EFA3F2C6C6A8200FB24EA /* PBXContainerItemProxy */ = {
			isa = PBXContainerItemProxy;
			containerPortal = BC7EFA242C6C6A8000FB24EA /* Project object */;
			proxyType = 1;
			remoteGlobalIDString = BC7EFA2B2C6C6A8000FB24EA;
			remoteInfo = DailyPlan;
		};
		BC7EFA492C6C6A8200FB24EA /* PBXContainerItemProxy */ = {
			isa = PBXContainerItemProxy;
			containerPortal = BC7EFA242C6C6A8000FB24EA /* Project object */;
			proxyType = 1;
			remoteGlobalIDString = BC7EFA2B2C6C6A8000FB24EA;
			remoteInfo = DailyPlan;
		};
/* End PBXContainerItemProxy section */

/* Begin PBXFileReference section */
		BC0546132C74C01300E6AD68 /* TaskCell.swift */ = {isa = PBXFileReference; lastKnownFileType = sourcecode.swift; path = TaskCell.swift; sourceTree = "<group>"; };
		BC0546152C74D26E00E6AD68 /* CheckMarkButton.swift */ = {isa = PBXFileReference; lastKnownFileType = sourcecode.swift; path = CheckMarkButton.swift; sourceTree = "<group>"; };
		BC6EBB332C730AC900F86B52 /* TaskCategory.swift */ = {isa = PBXFileReference; lastKnownFileType = sourcecode.swift; path = TaskCategory.swift; sourceTree = "<group>"; };
		BC6EBB352C730B3900F86B52 /* TaskRecord.swift */ = {isa = PBXFileReference; lastKnownFileType = sourcecode.swift; path = TaskRecord.swift; sourceTree = "<group>"; };
		BC7EFA2C2C6C6A8000FB24EA /* DailyPlan.app */ = {isa = PBXFileReference; explicitFileType = wrapper.application; includeInIndex = 0; path = DailyPlan.app; sourceTree = BUILT_PRODUCTS_DIR; };
		BC7EFA2F2C6C6A8000FB24EA /* DailyPlanApp.swift */ = {isa = PBXFileReference; lastKnownFileType = sourcecode.swift; path = DailyPlanApp.swift; sourceTree = "<group>"; };
		BC7EFA312C6C6A8000FB24EA /* RootView.swift */ = {isa = PBXFileReference; lastKnownFileType = sourcecode.swift; name = RootView.swift; path = TabBarController/RootView.swift; sourceTree = "<group>"; };
		BC7EFA332C6C6A8000FB24EA /* Item.swift */ = {isa = PBXFileReference; lastKnownFileType = sourcecode.swift; path = Item.swift; sourceTree = "<group>"; };
		BC7EFA352C6C6A8200FB24EA /* Assets.xcassets */ = {isa = PBXFileReference; lastKnownFileType = folder.assetcatalog; path = Assets.xcassets; sourceTree = "<group>"; };
		BC7EFA382C6C6A8200FB24EA /* Preview Assets.xcassets */ = {isa = PBXFileReference; lastKnownFileType = folder.assetcatalog; path = "Preview Assets.xcassets"; sourceTree = "<group>"; };
		BC7EFA3E2C6C6A8200FB24EA /* DailyPlanTests.xctest */ = {isa = PBXFileReference; explicitFileType = wrapper.cfbundle; includeInIndex = 0; path = DailyPlanTests.xctest; sourceTree = BUILT_PRODUCTS_DIR; };
		BC7EFA422C6C6A8200FB24EA /* DailyPlanTests.swift */ = {isa = PBXFileReference; lastKnownFileType = sourcecode.swift; path = DailyPlanTests.swift; sourceTree = "<group>"; };
		BC7EFA482C6C6A8200FB24EA /* DailyPlanUITests.xctest */ = {isa = PBXFileReference; explicitFileType = wrapper.cfbundle; includeInIndex = 0; path = DailyPlanUITests.xctest; sourceTree = BUILT_PRODUCTS_DIR; };
		BC7EFA4C2C6C6A8200FB24EA /* DailyPlanUITests.swift */ = {isa = PBXFileReference; lastKnownFileType = sourcecode.swift; path = DailyPlanUITests.swift; sourceTree = "<group>"; };
		BC7EFA4E2C6C6A8200FB24EA /* DailyPlanUITestsLaunchTests.swift */ = {isa = PBXFileReference; lastKnownFileType = sourcecode.swift; path = DailyPlanUITestsLaunchTests.swift; sourceTree = "<group>"; };
		BCA93C172C74DFFC0028DE2D /* Extensions.swift */ = {isa = PBXFileReference; lastKnownFileType = sourcecode.swift; path = Extensions.swift; sourceTree = "<group>"; };
		BCA93C192C74F6B70028DE2D /* TextContainerButton.swift */ = {isa = PBXFileReference; lastKnownFileType = sourcecode.swift; path = TextContainerButton.swift; sourceTree = "<group>"; };
		BCC288F92C7304A3008E7176 /* Task.swift */ = {isa = PBXFileReference; lastKnownFileType = sourcecode.swift; path = Task.swift; sourceTree = "<group>"; };
		BCF0725F2C70D72800999035 /* TabBarController.swift */ = {isa = PBXFileReference; lastKnownFileType = sourcecode.swift; path = TabBarController.swift; sourceTree = "<group>"; };
		BCF072622C70DC9F00999035 /* Fonts.swift */ = {isa = PBXFileReference; lastKnownFileType = sourcecode.swift; path = Fonts.swift; sourceTree = "<group>"; };
		BCF072642C70F0F300999035 /* TabBarButton.swift */ = {isa = PBXFileReference; lastKnownFileType = sourcecode.swift; path = TabBarButton.swift; sourceTree = "<group>"; };
		BCF072672C71AD4800999035 /* TaskViewController.swift */ = {isa = PBXFileReference; lastKnownFileType = sourcecode.swift; path = TaskViewController.swift; sourceTree = "<group>"; };
		BCF0726A2C71B55800999035 /* FilesViewController.swift */ = {isa = PBXFileReference; lastKnownFileType = sourcecode.swift; path = FilesViewController.swift; sourceTree = "<group>"; };
		BCF0726D2C71B58600999035 /* SettingsViewController.swift */ = {isa = PBXFileReference; lastKnownFileType = sourcecode.swift; path = SettingsViewController.swift; sourceTree = "<group>"; };
/* End PBXFileReference section */

/* Begin PBXFrameworksBuildPhase section */
		BC7EFA292C6C6A8000FB24EA /* Frameworks */ = {
			isa = PBXFrameworksBuildPhase;
			buildActionMask = 2147483647;
			files = (
			);
			runOnlyForDeploymentPostprocessing = 0;
		};
		BC7EFA3B2C6C6A8200FB24EA /* Frameworks */ = {
			isa = PBXFrameworksBuildPhase;
			buildActionMask = 2147483647;
			files = (
			);
			runOnlyForDeploymentPostprocessing = 0;
		};
		BC7EFA452C6C6A8200FB24EA /* Frameworks */ = {
			isa = PBXFrameworksBuildPhase;
			buildActionMask = 2147483647;
			files = (
			);
			runOnlyForDeploymentPostprocessing = 0;
		};
/* End PBXFrameworksBuildPhase section */

/* Begin PBXGroup section */
		BC7EFA232C6C6A8000FB24EA = {
			isa = PBXGroup;
			children = (
				BC7EFA2E2C6C6A8000FB24EA /* DailyPlan */,
				BC7EFA412C6C6A8200FB24EA /* DailyPlanTests */,
				BC7EFA4B2C6C6A8200FB24EA /* DailyPlanUITests */,
				BC7EFA2D2C6C6A8000FB24EA /* Products */,
			);
			sourceTree = "<group>";
		};
		BC7EFA2D2C6C6A8000FB24EA /* Products */ = {
			isa = PBXGroup;
			children = (
				BC7EFA2C2C6C6A8000FB24EA /* DailyPlan.app */,
				BC7EFA3E2C6C6A8200FB24EA /* DailyPlanTests.xctest */,
				BC7EFA482C6C6A8200FB24EA /* DailyPlanUITests.xctest */,
			);
			name = Products;
			sourceTree = "<group>";
		};
		BC7EFA2E2C6C6A8000FB24EA /* DailyPlan */ = {
			isa = PBXGroup;
			children = (
				BCEF08B12C74DBAA0014A8AA /* CustomViews */,
				BCC288FB2C730740008E7176 /* Models */,
				BCF072612C70DC8300999035 /* Helpers */,
				BCF0725D2C70D6EB00999035 /* Controllers */,
				BC7EFA372C6C6A8200FB24EA /* Preview Content */,
				BC7EFA2F2C6C6A8000FB24EA /* DailyPlanApp.swift */,
				BC7EFA332C6C6A8000FB24EA /* Item.swift */,
				BC7EFA352C6C6A8200FB24EA /* Assets.xcassets */,
			);
			path = DailyPlan;
			sourceTree = "<group>";
		};
		BC7EFA372C6C6A8200FB24EA /* Preview Content */ = {
			isa = PBXGroup;
			children = (
				BC7EFA382C6C6A8200FB24EA /* Preview Assets.xcassets */,
			);
			path = "Preview Content";
			sourceTree = "<group>";
		};
		BC7EFA412C6C6A8200FB24EA /* DailyPlanTests */ = {
			isa = PBXGroup;
			children = (
				BC7EFA422C6C6A8200FB24EA /* DailyPlanTests.swift */,
			);
			path = DailyPlanTests;
			sourceTree = "<group>";
		};
		BC7EFA4B2C6C6A8200FB24EA /* DailyPlanUITests */ = {
			isa = PBXGroup;
			children = (
				BC7EFA4C2C6C6A8200FB24EA /* DailyPlanUITests.swift */,
				BC7EFA4E2C6C6A8200FB24EA /* DailyPlanUITestsLaunchTests.swift */,
			);
			path = DailyPlanUITests;
			sourceTree = "<group>";
		};
		BCC288FB2C730740008E7176 /* Models */ = {
			isa = PBXGroup;
			children = (
				BCC288F92C7304A3008E7176 /* Task.swift */,
				BC6EBB332C730AC900F86B52 /* TaskCategory.swift */,
				BC6EBB352C730B3900F86B52 /* TaskRecord.swift */,
			);
			path = Models;
			sourceTree = "<group>";
		};
		BCEF08B12C74DBAA0014A8AA /* CustomViews */ = {
			isa = PBXGroup;
			children = (
				BC0546132C74C01300E6AD68 /* TaskCell.swift */,
				BCF072642C70F0F300999035 /* TabBarButton.swift */,
				BC0546152C74D26E00E6AD68 /* CheckMarkButton.swift */,
				BCA93C192C74F6B70028DE2D /* TextContainerButton.swift */,
			);
			path = CustomViews;
			sourceTree = "<group>";
		};
		BCF0725D2C70D6EB00999035 /* Controllers */ = {
			isa = PBXGroup;
			children = (
				BC7EFA312C6C6A8000FB24EA /* RootView.swift */,
				BCF0725E2C70D6F800999035 /* TabBarController */,
				BCF072662C71ACE300999035 /* TaskViewController */,
				BCF072692C71B54400999035 /* FilesViewController */,
				BCF0726C2C71B56F00999035 /* SettingsViewController */,
			);
			path = Controllers;
			sourceTree = "<group>";
		};
		BCF0725E2C70D6F800999035 /* TabBarController */ = {
			isa = PBXGroup;
			children = (
				BCF0725F2C70D72800999035 /* TabBarController.swift */,
			);
			path = TabBarController;
			sourceTree = "<group>";
		};
		BCF072612C70DC8300999035 /* Helpers */ = {
			isa = PBXGroup;
			children = (
				BCF072622C70DC9F00999035 /* Fonts.swift */,
				BCA93C172C74DFFC0028DE2D /* Extensions.swift */,
			);
			path = Helpers;
			sourceTree = "<group>";
		};
		BCF072662C71ACE300999035 /* TaskViewController */ = {
			isa = PBXGroup;
			children = (
				BCF072672C71AD4800999035 /* TaskViewController.swift */,
			);
			path = TaskViewController;
			sourceTree = "<group>";
		};
		BCF072692C71B54400999035 /* FilesViewController */ = {
			isa = PBXGroup;
			children = (
				BCF0726A2C71B55800999035 /* FilesViewController.swift */,
			);
			path = FilesViewController;
			sourceTree = "<group>";
		};
		BCF0726C2C71B56F00999035 /* SettingsViewController */ = {
			isa = PBXGroup;
			children = (
				BCF0726D2C71B58600999035 /* SettingsViewController.swift */,
			);
			path = SettingsViewController;
			sourceTree = "<group>";
		};
/* End PBXGroup section */

/* Begin PBXNativeTarget section */
		BC7EFA2B2C6C6A8000FB24EA /* DailyPlan */ = {
			isa = PBXNativeTarget;
			buildConfigurationList = BC7EFA522C6C6A8200FB24EA /* Build configuration list for PBXNativeTarget "DailyPlan" */;
			buildPhases = (
				BC7EFA282C6C6A8000FB24EA /* Sources */,
				BC7EFA292C6C6A8000FB24EA /* Frameworks */,
				BC7EFA2A2C6C6A8000FB24EA /* Resources */,
			);
			buildRules = (
			);
			dependencies = (
			);
			name = DailyPlan;
			productName = DailyPlan;
			productReference = BC7EFA2C2C6C6A8000FB24EA /* DailyPlan.app */;
			productType = "com.apple.product-type.application";
		};
		BC7EFA3D2C6C6A8200FB24EA /* DailyPlanTests */ = {
			isa = PBXNativeTarget;
			buildConfigurationList = BC7EFA552C6C6A8200FB24EA /* Build configuration list for PBXNativeTarget "DailyPlanTests" */;
			buildPhases = (
				BC7EFA3A2C6C6A8200FB24EA /* Sources */,
				BC7EFA3B2C6C6A8200FB24EA /* Frameworks */,
				BC7EFA3C2C6C6A8200FB24EA /* Resources */,
			);
			buildRules = (
			);
			dependencies = (
				BC7EFA402C6C6A8200FB24EA /* PBXTargetDependency */,
			);
			name = DailyPlanTests;
			productName = DailyPlanTests;
			productReference = BC7EFA3E2C6C6A8200FB24EA /* DailyPlanTests.xctest */;
			productType = "com.apple.product-type.bundle.unit-test";
		};
		BC7EFA472C6C6A8200FB24EA /* DailyPlanUITests */ = {
			isa = PBXNativeTarget;
			buildConfigurationList = BC7EFA582C6C6A8200FB24EA /* Build configuration list for PBXNativeTarget "DailyPlanUITests" */;
			buildPhases = (
				BC7EFA442C6C6A8200FB24EA /* Sources */,
				BC7EFA452C6C6A8200FB24EA /* Frameworks */,
				BC7EFA462C6C6A8200FB24EA /* Resources */,
			);
			buildRules = (
			);
			dependencies = (
				BC7EFA4A2C6C6A8200FB24EA /* PBXTargetDependency */,
			);
			name = DailyPlanUITests;
			productName = DailyPlanUITests;
			productReference = BC7EFA482C6C6A8200FB24EA /* DailyPlanUITests.xctest */;
			productType = "com.apple.product-type.bundle.ui-testing";
		};
/* End PBXNativeTarget section */

/* Begin PBXProject section */
		BC7EFA242C6C6A8000FB24EA /* Project object */ = {
			isa = PBXProject;
			attributes = {
				BuildIndependentTargetsInParallel = 1;
				LastSwiftUpdateCheck = 1540;
				LastUpgradeCheck = 1540;
				TargetAttributes = {
					BC7EFA2B2C6C6A8000FB24EA = {
						CreatedOnToolsVersion = 15.4;
					};
					BC7EFA3D2C6C6A8200FB24EA = {
						CreatedOnToolsVersion = 15.4;
						TestTargetID = BC7EFA2B2C6C6A8000FB24EA;
					};
					BC7EFA472C6C6A8200FB24EA = {
						CreatedOnToolsVersion = 15.4;
						TestTargetID = BC7EFA2B2C6C6A8000FB24EA;
					};
				};
			};
			buildConfigurationList = BC7EFA272C6C6A8000FB24EA /* Build configuration list for PBXProject "DailyPlan" */;
			compatibilityVersion = "Xcode 14.0";
			developmentRegion = en;
			hasScannedForEncodings = 0;
			knownRegions = (
				en,
				Base,
			);
			mainGroup = BC7EFA232C6C6A8000FB24EA;
			productRefGroup = BC7EFA2D2C6C6A8000FB24EA /* Products */;
			projectDirPath = "";
			projectRoot = "";
			targets = (
				BC7EFA2B2C6C6A8000FB24EA /* DailyPlan */,
				BC7EFA3D2C6C6A8200FB24EA /* DailyPlanTests */,
				BC7EFA472C6C6A8200FB24EA /* DailyPlanUITests */,
			);
		};
/* End PBXProject section */

/* Begin PBXResourcesBuildPhase section */
		BC7EFA2A2C6C6A8000FB24EA /* Resources */ = {
			isa = PBXResourcesBuildPhase;
			buildActionMask = 2147483647;
			files = (
				BC7EFA392C6C6A8200FB24EA /* Preview Assets.xcassets in Resources */,
				BC7EFA362C6C6A8200FB24EA /* Assets.xcassets in Resources */,
			);
			runOnlyForDeploymentPostprocessing = 0;
		};
		BC7EFA3C2C6C6A8200FB24EA /* Resources */ = {
			isa = PBXResourcesBuildPhase;
			buildActionMask = 2147483647;
			files = (
			);
			runOnlyForDeploymentPostprocessing = 0;
		};
		BC7EFA462C6C6A8200FB24EA /* Resources */ = {
			isa = PBXResourcesBuildPhase;
			buildActionMask = 2147483647;
			files = (
			);
			runOnlyForDeploymentPostprocessing = 0;
		};
/* End PBXResourcesBuildPhase section */

/* Begin PBXSourcesBuildPhase section */
		BC7EFA282C6C6A8000FB24EA /* Sources */ = {
			isa = PBXSourcesBuildPhase;
			buildActionMask = 2147483647;
			files = (
				BC7EFA322C6C6A8000FB24EA /* RootView.swift in Sources */,
				BCF072682C71AD4800999035 /* TaskViewController.swift in Sources */,
				BCF072632C70DC9F00999035 /* Fonts.swift in Sources */,
				BCF072602C70D72800999035 /* TabBarController.swift in Sources */,
				BC0546162C74D26E00E6AD68 /* CheckMarkButton.swift in Sources */,
				BCC288FA2C7304A3008E7176 /* Task.swift in Sources */,
				BC7EFA342C6C6A8000FB24EA /* Item.swift in Sources */,
				BC7EFA302C6C6A8000FB24EA /* DailyPlanApp.swift in Sources */,
				BCA93C1A2C74F6B70028DE2D /* TextContainerButton.swift in Sources */,
				BCF0726B2C71B55800999035 /* FilesViewController.swift in Sources */,
				BCF072652C70F0F300999035 /* TabBarButton.swift in Sources */,
				BCA93C182C74DFFC0028DE2D /* Extensions.swift in Sources */,
				BC6EBB362C730B3900F86B52 /* TaskRecord.swift in Sources */,
				BCF0726E2C71B58600999035 /* SettingsViewController.swift in Sources */,
				BC0546142C74C01300E6AD68 /* TaskCell.swift in Sources */,
				BC6EBB342C730AC900F86B52 /* TaskCategory.swift in Sources */,
			);
			runOnlyForDeploymentPostprocessing = 0;
		};
		BC7EFA3A2C6C6A8200FB24EA /* Sources */ = {
			isa = PBXSourcesBuildPhase;
			buildActionMask = 2147483647;
			files = (
				BC7EFA432C6C6A8200FB24EA /* DailyPlanTests.swift in Sources */,
			);
			runOnlyForDeploymentPostprocessing = 0;
		};
		BC7EFA442C6C6A8200FB24EA /* Sources */ = {
			isa = PBXSourcesBuildPhase;
			buildActionMask = 2147483647;
			files = (
				BC7EFA4D2C6C6A8200FB24EA /* DailyPlanUITests.swift in Sources */,
				BC7EFA4F2C6C6A8200FB24EA /* DailyPlanUITestsLaunchTests.swift in Sources */,
			);
			runOnlyForDeploymentPostprocessing = 0;
		};
/* End PBXSourcesBuildPhase section */

/* Begin PBXTargetDependency section */
		BC7EFA402C6C6A8200FB24EA /* PBXTargetDependency */ = {
			isa = PBXTargetDependency;
			target = BC7EFA2B2C6C6A8000FB24EA /* DailyPlan */;
			targetProxy = BC7EFA3F2C6C6A8200FB24EA /* PBXContainerItemProxy */;
		};
		BC7EFA4A2C6C6A8200FB24EA /* PBXTargetDependency */ = {
			isa = PBXTargetDependency;
			target = BC7EFA2B2C6C6A8000FB24EA /* DailyPlan */;
			targetProxy = BC7EFA492C6C6A8200FB24EA /* PBXContainerItemProxy */;
		};
/* End PBXTargetDependency section */

/* Begin XCBuildConfiguration section */
		BC7EFA502C6C6A8200FB24EA /* Debug */ = {
			isa = XCBuildConfiguration;
			buildSettings = {
				ALWAYS_SEARCH_USER_PATHS = NO;
				ASSETCATALOG_COMPILER_GENERATE_SWIFT_ASSET_SYMBOL_EXTENSIONS = YES;
				CLANG_ANALYZER_NONNULL = YES;
				CLANG_ANALYZER_NUMBER_OBJECT_CONVERSION = YES_AGGRESSIVE;
				CLANG_CXX_LANGUAGE_STANDARD = "gnu++20";
				CLANG_ENABLE_MODULES = YES;
				CLANG_ENABLE_OBJC_ARC = YES;
				CLANG_ENABLE_OBJC_WEAK = YES;
				CLANG_WARN_BLOCK_CAPTURE_AUTORELEASING = YES;
				CLANG_WARN_BOOL_CONVERSION = YES;
				CLANG_WARN_COMMA = YES;
				CLANG_WARN_CONSTANT_CONVERSION = YES;
				CLANG_WARN_DEPRECATED_OBJC_IMPLEMENTATIONS = YES;
				CLANG_WARN_DIRECT_OBJC_ISA_USAGE = YES_ERROR;
				CLANG_WARN_DOCUMENTATION_COMMENTS = YES;
				CLANG_WARN_EMPTY_BODY = YES;
				CLANG_WARN_ENUM_CONVERSION = YES;
				CLANG_WARN_INFINITE_RECURSION = YES;
				CLANG_WARN_INT_CONVERSION = YES;
				CLANG_WARN_NON_LITERAL_NULL_CONVERSION = YES;
				CLANG_WARN_OBJC_IMPLICIT_RETAIN_SELF = YES;
				CLANG_WARN_OBJC_LITERAL_CONVERSION = YES;
				CLANG_WARN_OBJC_ROOT_CLASS = YES_ERROR;
				CLANG_WARN_QUOTED_INCLUDE_IN_FRAMEWORK_HEADER = YES;
				CLANG_WARN_RANGE_LOOP_ANALYSIS = YES;
				CLANG_WARN_STRICT_PROTOTYPES = YES;
				CLANG_WARN_SUSPICIOUS_MOVE = YES;
				CLANG_WARN_UNGUARDED_AVAILABILITY = YES_AGGRESSIVE;
				CLANG_WARN_UNREACHABLE_CODE = YES;
				CLANG_WARN__DUPLICATE_METHOD_MATCH = YES;
				COPY_PHASE_STRIP = NO;
				DEBUG_INFORMATION_FORMAT = dwarf;
				ENABLE_STRICT_OBJC_MSGSEND = YES;
				ENABLE_TESTABILITY = YES;
				ENABLE_USER_SCRIPT_SANDBOXING = YES;
				GCC_C_LANGUAGE_STANDARD = gnu17;
				GCC_DYNAMIC_NO_PIC = NO;
				GCC_NO_COMMON_BLOCKS = YES;
				GCC_OPTIMIZATION_LEVEL = 0;
				GCC_PREPROCESSOR_DEFINITIONS = (
					"DEBUG=1",
					"$(inherited)",
				);
				GCC_WARN_64_TO_32_BIT_CONVERSION = YES;
				GCC_WARN_ABOUT_RETURN_TYPE = YES_ERROR;
				GCC_WARN_UNDECLARED_SELECTOR = YES;
				GCC_WARN_UNINITIALIZED_AUTOS = YES_AGGRESSIVE;
				GCC_WARN_UNUSED_FUNCTION = YES;
				GCC_WARN_UNUSED_VARIABLE = YES;
				IPHONEOS_DEPLOYMENT_TARGET = 17.5;
				LOCALIZATION_PREFERS_STRING_CATALOGS = YES;
				MTL_ENABLE_DEBUG_INFO = INCLUDE_SOURCE;
				MTL_FAST_MATH = YES;
				ONLY_ACTIVE_ARCH = YES;
				SDKROOT = iphoneos;
				SWIFT_ACTIVE_COMPILATION_CONDITIONS = "DEBUG $(inherited)";
				SWIFT_OPTIMIZATION_LEVEL = "-Onone";
			};
			name = Debug;
		};
		BC7EFA512C6C6A8200FB24EA /* Release */ = {
			isa = XCBuildConfiguration;
			buildSettings = {
				ALWAYS_SEARCH_USER_PATHS = NO;
				ASSETCATALOG_COMPILER_GENERATE_SWIFT_ASSET_SYMBOL_EXTENSIONS = YES;
				CLANG_ANALYZER_NONNULL = YES;
				CLANG_ANALYZER_NUMBER_OBJECT_CONVERSION = YES_AGGRESSIVE;
				CLANG_CXX_LANGUAGE_STANDARD = "gnu++20";
				CLANG_ENABLE_MODULES = YES;
				CLANG_ENABLE_OBJC_ARC = YES;
				CLANG_ENABLE_OBJC_WEAK = YES;
				CLANG_WARN_BLOCK_CAPTURE_AUTORELEASING = YES;
				CLANG_WARN_BOOL_CONVERSION = YES;
				CLANG_WARN_COMMA = YES;
				CLANG_WARN_CONSTANT_CONVERSION = YES;
				CLANG_WARN_DEPRECATED_OBJC_IMPLEMENTATIONS = YES;
				CLANG_WARN_DIRECT_OBJC_ISA_USAGE = YES_ERROR;
				CLANG_WARN_DOCUMENTATION_COMMENTS = YES;
				CLANG_WARN_EMPTY_BODY = YES;
				CLANG_WARN_ENUM_CONVERSION = YES;
				CLANG_WARN_INFINITE_RECURSION = YES;
				CLANG_WARN_INT_CONVERSION = YES;
				CLANG_WARN_NON_LITERAL_NULL_CONVERSION = YES;
				CLANG_WARN_OBJC_IMPLICIT_RETAIN_SELF = YES;
				CLANG_WARN_OBJC_LITERAL_CONVERSION = YES;
				CLANG_WARN_OBJC_ROOT_CLASS = YES_ERROR;
				CLANG_WARN_QUOTED_INCLUDE_IN_FRAMEWORK_HEADER = YES;
				CLANG_WARN_RANGE_LOOP_ANALYSIS = YES;
				CLANG_WARN_STRICT_PROTOTYPES = YES;
				CLANG_WARN_SUSPICIOUS_MOVE = YES;
				CLANG_WARN_UNGUARDED_AVAILABILITY = YES_AGGRESSIVE;
				CLANG_WARN_UNREACHABLE_CODE = YES;
				CLANG_WARN__DUPLICATE_METHOD_MATCH = YES;
				COPY_PHASE_STRIP = NO;
				DEBUG_INFORMATION_FORMAT = "dwarf-with-dsym";
				ENABLE_NS_ASSERTIONS = NO;
				ENABLE_STRICT_OBJC_MSGSEND = YES;
				ENABLE_USER_SCRIPT_SANDBOXING = YES;
				GCC_C_LANGUAGE_STANDARD = gnu17;
				GCC_NO_COMMON_BLOCKS = YES;
				GCC_WARN_64_TO_32_BIT_CONVERSION = YES;
				GCC_WARN_ABOUT_RETURN_TYPE = YES_ERROR;
				GCC_WARN_UNDECLARED_SELECTOR = YES;
				GCC_WARN_UNINITIALIZED_AUTOS = YES_AGGRESSIVE;
				GCC_WARN_UNUSED_FUNCTION = YES;
				GCC_WARN_UNUSED_VARIABLE = YES;
				IPHONEOS_DEPLOYMENT_TARGET = 17.5;
				LOCALIZATION_PREFERS_STRING_CATALOGS = YES;
				MTL_ENABLE_DEBUG_INFO = NO;
				MTL_FAST_MATH = YES;
				SDKROOT = iphoneos;
				SWIFT_COMPILATION_MODE = wholemodule;
				VALIDATE_PRODUCT = YES;
			};
			name = Release;
		};
		BC7EFA532C6C6A8200FB24EA /* Debug */ = {
			isa = XCBuildConfiguration;
			buildSettings = {
				ASSETCATALOG_COMPILER_APPICON_NAME = AppIcon;
				ASSETCATALOG_COMPILER_GLOBAL_ACCENT_COLOR_NAME = AccentColor;
				CODE_SIGN_STYLE = Automatic;
				CURRENT_PROJECT_VERSION = 1;
				DEVELOPMENT_ASSET_PATHS = "\"DailyPlan/Preview Content\"";
				DEVELOPMENT_TEAM = 8V4HQNY692;
				ENABLE_PREVIEWS = YES;
				GENERATE_INFOPLIST_FILE = YES;
				INFOPLIST_KEY_UIApplicationSceneManifest_Generation = YES;
				INFOPLIST_KEY_UIApplicationSupportsIndirectInputEvents = YES;
				INFOPLIST_KEY_UILaunchScreen_Generation = YES;
				INFOPLIST_KEY_UISupportedInterfaceOrientations = UIInterfaceOrientationPortrait;
				IPHONEOS_DEPLOYMENT_TARGET = 17.1;
				LD_RUNPATH_SEARCH_PATHS = (
					"$(inherited)",
					"@executable_path/Frameworks",
				);
				MARKETING_VERSION = 1.0;
				PRODUCT_BUNDLE_IDENTIFIER = ru.Timurkaev.DailyPlan;
				PRODUCT_NAME = "$(TARGET_NAME)";
				SUPPORTED_PLATFORMS = "iphoneos iphonesimulator";
				SUPPORTS_MACCATALYST = NO;
				SUPPORTS_MAC_DESIGNED_FOR_IPHONE_IPAD = NO;
				SUPPORTS_XR_DESIGNED_FOR_IPHONE_IPAD = NO;
				SWIFT_EMIT_LOC_STRINGS = YES;
				SWIFT_VERSION = 5.0;
				TARGETED_DEVICE_FAMILY = 1;
			};
			name = Debug;
		};
		BC7EFA542C6C6A8200FB24EA /* Release */ = {
			isa = XCBuildConfiguration;
			buildSettings = {
				ASSETCATALOG_COMPILER_APPICON_NAME = AppIcon;
				ASSETCATALOG_COMPILER_GLOBAL_ACCENT_COLOR_NAME = AccentColor;
				CODE_SIGN_STYLE = Automatic;
				CURRENT_PROJECT_VERSION = 1;
				DEVELOPMENT_ASSET_PATHS = "\"DailyPlan/Preview Content\"";
				DEVELOPMENT_TEAM = 8V4HQNY692;
				ENABLE_PREVIEWS = YES;
				GENERATE_INFOPLIST_FILE = YES;
				INFOPLIST_KEY_UIApplicationSceneManifest_Generation = YES;
				INFOPLIST_KEY_UIApplicationSupportsIndirectInputEvents = YES;
				INFOPLIST_KEY_UILaunchScreen_Generation = YES;
				INFOPLIST_KEY_UISupportedInterfaceOrientations = UIInterfaceOrientationPortrait;
				IPHONEOS_DEPLOYMENT_TARGET = 17.1;
				LD_RUNPATH_SEARCH_PATHS = (
					"$(inherited)",
					"@executable_path/Frameworks",
				);
				MARKETING_VERSION = 1.0;
				PRODUCT_BUNDLE_IDENTIFIER = ru.Timurkaev.DailyPlan;
				PRODUCT_NAME = "$(TARGET_NAME)";
				SUPPORTED_PLATFORMS = "iphoneos iphonesimulator";
				SUPPORTS_MACCATALYST = NO;
				SUPPORTS_MAC_DESIGNED_FOR_IPHONE_IPAD = NO;
				SUPPORTS_XR_DESIGNED_FOR_IPHONE_IPAD = NO;
				SWIFT_EMIT_LOC_STRINGS = YES;
				SWIFT_VERSION = 5.0;
				TARGETED_DEVICE_FAMILY = 1;
			};
			name = Release;
		};
		BC7EFA562C6C6A8200FB24EA /* Debug */ = {
			isa = XCBuildConfiguration;
			buildSettings = {
				ALWAYS_EMBED_SWIFT_STANDARD_LIBRARIES = YES;
				BUNDLE_LOADER = "$(TEST_HOST)";
				CODE_SIGN_STYLE = Automatic;
				CURRENT_PROJECT_VERSION = 1;
				DEVELOPMENT_TEAM = 8V4HQNY692;
				GENERATE_INFOPLIST_FILE = YES;
				IPHONEOS_DEPLOYMENT_TARGET = 17.5;
				MARKETING_VERSION = 1.0;
				PRODUCT_BUNDLE_IDENTIFIER = ru.practicum.Timurkaev.DailyPlanTests;
				PRODUCT_NAME = "$(TARGET_NAME)";
				SWIFT_EMIT_LOC_STRINGS = NO;
				SWIFT_VERSION = 5.0;
				TARGETED_DEVICE_FAMILY = "1,2";
				TEST_HOST = "$(BUILT_PRODUCTS_DIR)/DailyPlan.app/$(BUNDLE_EXECUTABLE_FOLDER_PATH)/DailyPlan";
			};
			name = Debug;
		};
		BC7EFA572C6C6A8200FB24EA /* Release */ = {
			isa = XCBuildConfiguration;
			buildSettings = {
				ALWAYS_EMBED_SWIFT_STANDARD_LIBRARIES = YES;
				BUNDLE_LOADER = "$(TEST_HOST)";
				CODE_SIGN_STYLE = Automatic;
				CURRENT_PROJECT_VERSION = 1;
				DEVELOPMENT_TEAM = 8V4HQNY692;
				GENERATE_INFOPLIST_FILE = YES;
				IPHONEOS_DEPLOYMENT_TARGET = 17.5;
				MARKETING_VERSION = 1.0;
				PRODUCT_BUNDLE_IDENTIFIER = ru.practicum.Timurkaev.DailyPlanTests;
				PRODUCT_NAME = "$(TARGET_NAME)";
				SWIFT_EMIT_LOC_STRINGS = NO;
				SWIFT_VERSION = 5.0;
				TARGETED_DEVICE_FAMILY = "1,2";
				TEST_HOST = "$(BUILT_PRODUCTS_DIR)/DailyPlan.app/$(BUNDLE_EXECUTABLE_FOLDER_PATH)/DailyPlan";
			};
			name = Release;
		};
		BC7EFA592C6C6A8200FB24EA /* Debug */ = {
			isa = XCBuildConfiguration;
			buildSettings = {
				ALWAYS_EMBED_SWIFT_STANDARD_LIBRARIES = YES;
				CODE_SIGN_STYLE = Automatic;
				CURRENT_PROJECT_VERSION = 1;
				DEVELOPMENT_TEAM = 8V4HQNY692;
				GENERATE_INFOPLIST_FILE = YES;
				MARKETING_VERSION = 1.0;
				PRODUCT_BUNDLE_IDENTIFIER = ru.practicum.Timurkaev.DailyPlanUITests;
				PRODUCT_NAME = "$(TARGET_NAME)";
				SWIFT_EMIT_LOC_STRINGS = NO;
				SWIFT_VERSION = 5.0;
				TARGETED_DEVICE_FAMILY = "1,2";
				TEST_TARGET_NAME = DailyPlan;
			};
			name = Debug;
		};
		BC7EFA5A2C6C6A8200FB24EA /* Release */ = {
			isa = XCBuildConfiguration;
			buildSettings = {
				ALWAYS_EMBED_SWIFT_STANDARD_LIBRARIES = YES;
				CODE_SIGN_STYLE = Automatic;
				CURRENT_PROJECT_VERSION = 1;
				DEVELOPMENT_TEAM = 8V4HQNY692;
				GENERATE_INFOPLIST_FILE = YES;
				MARKETING_VERSION = 1.0;
				PRODUCT_BUNDLE_IDENTIFIER = ru.practicum.Timurkaev.DailyPlanUITests;
				PRODUCT_NAME = "$(TARGET_NAME)";
				SWIFT_EMIT_LOC_STRINGS = NO;
				SWIFT_VERSION = 5.0;
				TARGETED_DEVICE_FAMILY = "1,2";
				TEST_TARGET_NAME = DailyPlan;
			};
			name = Release;
		};
/* End XCBuildConfiguration section */

/* Begin XCConfigurationList section */
		BC7EFA272C6C6A8000FB24EA /* Build configuration list for PBXProject "DailyPlan" */ = {
			isa = XCConfigurationList;
			buildConfigurations = (
				BC7EFA502C6C6A8200FB24EA /* Debug */,
				BC7EFA512C6C6A8200FB24EA /* Release */,
			);
			defaultConfigurationIsVisible = 0;
			defaultConfigurationName = Release;
		};
		BC7EFA522C6C6A8200FB24EA /* Build configuration list for PBXNativeTarget "DailyPlan" */ = {
			isa = XCConfigurationList;
			buildConfigurations = (
				BC7EFA532C6C6A8200FB24EA /* Debug */,
				BC7EFA542C6C6A8200FB24EA /* Release */,
			);
			defaultConfigurationIsVisible = 0;
			defaultConfigurationName = Release;
		};
		BC7EFA552C6C6A8200FB24EA /* Build configuration list for PBXNativeTarget "DailyPlanTests" */ = {
			isa = XCConfigurationList;
			buildConfigurations = (
				BC7EFA562C6C6A8200FB24EA /* Debug */,
				BC7EFA572C6C6A8200FB24EA /* Release */,
			);
			defaultConfigurationIsVisible = 0;
			defaultConfigurationName = Release;
		};
		BC7EFA582C6C6A8200FB24EA /* Build configuration list for PBXNativeTarget "DailyPlanUITests" */ = {
			isa = XCConfigurationList;
			buildConfigurations = (
				BC7EFA592C6C6A8200FB24EA /* Debug */,
				BC7EFA5A2C6C6A8200FB24EA /* Release */,
			);
			defaultConfigurationIsVisible = 0;
			defaultConfigurationName = Release;
		};
/* End XCConfigurationList section */
	};
	rootObject = BC7EFA242C6C6A8000FB24EA /* Project object */;
}
